// !$*UTF8*$!
{
	archiveVersion = 1;
	classes = {
	};
	objectVersion = 56;
	objects = {

/* Begin PBXBuildFile section */
		CE6617572980A91A00F30C20 /* main.swift in Sources */ = {isa = PBXBuildFile; fileRef = CE6617562980A91A00F30C20 /* main.swift */; };
		CEA708C1294D519D00C7B086 /* File.swift in Sources */ = {isa = PBXBuildFile; fileRef = CEA708BC294C77AB00C7B086 /* File.swift */; };
/* End PBXBuildFile section */

/* Begin PBXCopyFilesBuildPhase section */
		CEA708AF294C770D00C7B086 /* CopyFiles */ = {
			isa = PBXCopyFilesBuildPhase;
			buildActionMask = 2147483647;
			dstPath = /usr/share/man/man1/;
			dstSubfolderSpec = 0;
			files = (
			);
			runOnlyForDeploymentPostprocessing = 1;
		};
/* End PBXCopyFilesBuildPhase section */

/* Begin PBXFileReference section */
		CE66174B29761EE200F30C20 /* LV1.푸드 파이트 대회.swift */ = {isa = PBXFileReference; lastKnownFileType = sourcecode.swift; path = "LV1.푸드 파이트 대회.swift"; sourceTree = "<group>"; };
		CE66174D297771DD00F30C20 /* LV1.다트 게임.swift */ = {isa = PBXFileReference; lastKnownFileType = sourcecode.swift; path = "LV1.다트 게임.swift"; sourceTree = "<group>"; };
		CE66174F2978C0F800F30C20 /* LV1.키패드 누르기.swift */ = {isa = PBXFileReference; lastKnownFileType = sourcecode.swift; path = "LV1.키패드 누르기.swift"; sourceTree = "<group>"; };
		CE661751297A12F500F30C20 /* LV1.크레인 인형뽑기 게임.swift */ = {isa = PBXFileReference; lastKnownFileType = sourcecode.swift; path = "LV1.크레인 인형뽑기 게임.swift"; sourceTree = "<group>"; };
		CE661753297A60D000F30C20 /* LV1.체육복.swift */ = {isa = PBXFileReference; lastKnownFileType = sourcecode.swift; path = "LV1.체육복.swift"; sourceTree = "<group>"; };
		CE6617562980A91A00F30C20 /* main.swift */ = {isa = PBXFileReference; lastKnownFileType = sourcecode.swift; path = main.swift; sourceTree = "<group>"; };
		CE66DE9C2955285C006CED61 /* Lv0. 2차원으로 만들기.swift */ = {isa = PBXFileReference; lastKnownFileType = sourcecode.swift; path = "Lv0. 2차원으로 만들기.swift"; sourceTree = "<group>"; };
		CE66DE9E29552866006CED61 /* Lv1. 핸드폰 번호 가리기.swift */ = {isa = PBXFileReference; lastKnownFileType = sourcecode.swift; path = "Lv1. 핸드폰 번호 가리기.swift"; sourceTree = "<group>"; };
		CE66DEA22955316F006CED61 /* LV1. 평균 구하기.swift */ = {isa = PBXFileReference; lastKnownFileType = sourcecode.swift; path = "LV1. 평균 구하기.swift"; sourceTree = "<group>"; };
		CE66DEA4295704DB006CED61 /* LV1. 자릿수 더하기.swift */ = {isa = PBXFileReference; lastKnownFileType = sourcecode.swift; path = "LV1. 자릿수 더하기.swift"; sourceTree = "<group>"; };
		CE66DEA629570595006CED61 /* LV1.정수 제곱근 판별.swift */ = {isa = PBXFileReference; lastKnownFileType = sourcecode.swift; path = "LV1.정수 제곱근 판별.swift"; sourceTree = "<group>"; };
		CE6794AE295887280077005E /* Lv1.제일 작은 수 제거하기.swift */ = {isa = PBXFileReference; lastKnownFileType = sourcecode.swift; path = "Lv1.제일 작은 수 제거하기.swift"; sourceTree = "<group>"; };
		CE6794B1295888F80077005E /* Lv1.서울에서 김서방 찾기.swift */ = {isa = PBXFileReference; lastKnownFileType = sourcecode.swift; path = "Lv1.서울에서 김서방 찾기.swift"; sourceTree = "<group>"; };
		CE6794CC29591BE80077005E /* Lv1. 음양 더하기.swift */ = {isa = PBXFileReference; lastKnownFileType = sourcecode.swift; path = "Lv1. 음양 더하기.swift"; sourceTree = "<group>"; };
		CE6794CD29591BF00077005E /* LV1. 수박수박수박수박수박수?.swift */ = {isa = PBXFileReference; lastKnownFileType = sourcecode.swift; path = "LV1. 수박수박수박수박수박수?.swift"; sourceTree = "<group>"; };
		CE6794D1295927D90077005E /* LV1.x만큼 간격이 있는 n개의 숫자.swift */ = {isa = PBXFileReference; lastKnownFileType = sourcecode.swift; path = "LV1.x만큼 간격이 있는 n개의 숫자.swift"; sourceTree = "<group>"; };
		CE6794EB295A6E7C0077005E /* LV1. 문자열 내림차순으로 배치하기 .swift */ = {isa = PBXFileReference; lastKnownFileType = sourcecode.swift; path = "LV1. 문자열 내림차순으로 배치하기 .swift"; sourceTree = "<group>"; };
		CE6794ED295A6E860077005E /* Lv0.문자열 계산하기.swift */ = {isa = PBXFileReference; lastKnownFileType = sourcecode.swift; path = "Lv0.문자열 계산하기.swift"; sourceTree = "<group>"; };
		CE7F1141295133C000A02BDB /* LV1.없는 숫자 더하기.swift */ = {isa = PBXFileReference; lastKnownFileType = sourcecode.swift; path = "LV1.없는 숫자 더하기.swift"; sourceTree = "<group>"; };
		CE7F1143295135E900A02BDB /* LV1.나누어 떨어지는 숫자 배열.swift */ = {isa = PBXFileReference; lastKnownFileType = sourcecode.swift; path = "LV1.나누어 떨어지는 숫자 배열.swift"; sourceTree = "<group>"; };
		CE7F1145295135F300A02BDB /* LV1.짝수와 홀수.swift */ = {isa = PBXFileReference; lastKnownFileType = sourcecode.swift; path = "LV1.짝수와 홀수.swift"; sourceTree = "<group>"; };
		CE7F11472951385900A02BDB /* LV1.가운데 글자 가져오기.swift */ = {isa = PBXFileReference; lastKnownFileType = sourcecode.swift; path = "LV1.가운데 글자 가져오기.swift"; sourceTree = "<group>"; };
		CE7F114929513C5300A02BDB /* LV1.문자열 내 p와 y의 개수.swift */ = {isa = PBXFileReference; lastKnownFileType = sourcecode.swift; path = "LV1.문자열 내 p와 y의 개수.swift"; sourceTree = "<group>"; };
		CE7F114E2952850400A02BDB /* LV1.나머지가 1이 되는 수 찾기.swift */ = {isa = PBXFileReference; lastKnownFileType = sourcecode.swift; path = "LV1.나머지가 1이 되는 수 찾기.swift"; sourceTree = "<group>"; };
		CE7F115029528B5300A02BDB /* LV1.콜라츠 추측.swift */ = {isa = PBXFileReference; lastKnownFileType = sourcecode.swift; path = "LV1.콜라츠 추측.swift"; sourceTree = "<group>"; };
		CE7F11522953D5CB00A02BDB /* LV1.약수의 합.swift */ = {isa = PBXFileReference; lastKnownFileType = sourcecode.swift; path = "LV1.약수의 합.swift"; sourceTree = "<group>"; };
		CE7F11542953D5D300A02BDB /* LV1.자연수 뒤집어 배열로 만들기.swift */ = {isa = PBXFileReference; lastKnownFileType = sourcecode.swift; path = "LV1.자연수 뒤집어 배열로 만들기.swift"; sourceTree = "<group>"; };
		CE7F11562953D5DA00A02BDB /* LV1.하샤드 수.swift */ = {isa = PBXFileReference; lastKnownFileType = sourcecode.swift; path = "LV1.하샤드 수.swift"; sourceTree = "<group>"; };
		CE7F115A2953E7A500A02BDB /* Lv0. 팩토리얼.swift */ = {isa = PBXFileReference; lastKnownFileType = sourcecode.swift; path = "Lv0. 팩토리얼.swift"; sourceTree = "<group>"; };
		CEA708B1294C770D00C7B086 /* Algorithm */ = {isa = PBXFileReference; explicitFileType = "compiled.mach-o.executable"; includeInIndex = 0; path = Algorithm; sourceTree = BUILT_PRODUCTS_DIR; };
		CEA708B4294C770D00C7B086 /* Lv1.숫자 짝꿍.swift */ = {isa = PBXFileReference; lastKnownFileType = sourcecode.swift; path = "Lv1.숫자 짝꿍.swift"; sourceTree = "<group>"; };
		CEA708BC294C77AB00C7B086 /* File.swift */ = {isa = PBXFileReference; lastKnownFileType = sourcecode.swift; path = File.swift; sourceTree = "<group>"; };
		CEA708BE294D516100C7B086 /* Lv2.디펜스 게임X.swift */ = {isa = PBXFileReference; lastKnownFileType = sourcecode.swift; path = "Lv2.디펜스 게임X.swift"; sourceTree = "<group>"; };
		CEA708C2294EF04300C7B086 /* Lv2.점 찍기X.swift */ = {isa = PBXFileReference; lastKnownFileType = sourcecode.swift; path = "Lv2.점 찍기X.swift"; sourceTree = "<group>"; };
		CEA708C4294FE15E00C7B086 /* Lv1.콜라문제.swift */ = {isa = PBXFileReference; lastKnownFileType = sourcecode.swift; path = "Lv1.콜라문제.swift"; sourceTree = "<group>"; };
		CEA708C6294FEA9D00C7B086 /* LV0.옹알이(1)X.swift */ = {isa = PBXFileReference; lastKnownFileType = sourcecode.swift; path = "LV0.옹알이(1)X.swift"; sourceTree = "<group>"; };
		CEAEF14F296E34670010D6E5 /* LV1. 모의고사.swift */ = {isa = PBXFileReference; lastKnownFileType = sourcecode.swift; path = "LV1. 모의고사.swift"; sourceTree = "<group>"; };
		CEAEF151296E347E0010D6E5 /* LV1. 소수 만들기.swift */ = {isa = PBXFileReference; lastKnownFileType = sourcecode.swift; path = "LV1. 소수 만들기.swift"; sourceTree = "<group>"; };
		CEAEF154296F862C0010D6E5 /* LV1. 실패율.swift */ = {isa = PBXFileReference; lastKnownFileType = sourcecode.swift; path = "LV1. 실패율.swift"; sourceTree = "<group>"; };
		CEAEF156296F86330010D6E5 /* LV1. 크기가 작은 부분 문자열.swift */ = {isa = PBXFileReference; lastKnownFileType = sourcecode.swift; path = "LV1. 크기가 작은 부분 문자열.swift"; sourceTree = "<group>"; };
		CEAEF15E2970D7100010D6E5 /* LV1. K번째수.swift */ = {isa = PBXFileReference; lastKnownFileType = sourcecode.swift; path = "LV1. K번째수.swift"; sourceTree = "<group>"; };
		CEE4C482295BC51E00C87543 /* Lv1. 문자열 다루기 기본.swift */ = {isa = PBXFileReference; lastKnownFileType = sourcecode.swift; path = "Lv1. 문자열 다루기 기본.swift"; sourceTree = "<group>"; };
		CEE4C483295BC55D00C87543 /* Lv1. 부족한 금액 계산하기.swift */ = {isa = PBXFileReference; lastKnownFileType = sourcecode.swift; path = "Lv1. 부족한 금액 계산하기.swift"; sourceTree = "<group>"; };
		CEE4C485295BC58900C87543 /* Lv1. 이상한 문자 만들기.swift */ = {isa = PBXFileReference; lastKnownFileType = sourcecode.swift; path = "Lv1. 이상한 문자 만들기.swift"; sourceTree = "<group>"; };
		CEE4C487295BCFB000C87543 /* Lv1. 직사각형 별찍기.swift */ = {isa = PBXFileReference; lastKnownFileType = sourcecode.swift; path = "Lv1. 직사각형 별찍기.swift"; sourceTree = "<group>"; };
		CEE4C489295BCFC500C87543 /* Lv1. 내적.swift */ = {isa = PBXFileReference; lastKnownFileType = sourcecode.swift; path = "Lv1. 내적.swift"; sourceTree = "<group>"; };
		CEE4C48B295BCFCD00C87543 /* Lv1. 예산.swift */ = {isa = PBXFileReference; lastKnownFileType = sourcecode.swift; path = "Lv1. 예산.swift"; sourceTree = "<group>"; };
		CEE4C48D295BCFD400C87543 /* Lv1. 문자열을 정수로 바꾸기.swift */ = {isa = PBXFileReference; lastKnownFileType = sourcecode.swift; path = "Lv1. 문자열을 정수로 바꾸기.swift"; sourceTree = "<group>"; };
		CEE4C492295E624F00C87543 /* Lv1. 정수 내림차순으로 배치하기.swift */ = {isa = PBXFileReference; lastKnownFileType = sourcecode.swift; path = "Lv1. 정수 내림차순으로 배치하기.swift"; sourceTree = "<group>"; };
		CEE4C495295E65A400C87543 /* Lv1. 두 정수 사이의 합.swift */ = {isa = PBXFileReference; lastKnownFileType = sourcecode.swift; path = "Lv1. 두 정수 사이의 합.swift"; sourceTree = "<group>"; };
		CEE4C497295E65B900C87543 /* Lv1. 약수의 개수와 덧셈.swift */ = {isa = PBXFileReference; lastKnownFileType = sourcecode.swift; path = "Lv1. 약수의 개수와 덧셈.swift"; sourceTree = "<group>"; };
		CEE4C499295E65C300C87543 /* Lv1. [1차] 비밀지도.swift */ = {isa = PBXFileReference; lastKnownFileType = sourcecode.swift; path = "Lv1. [1차] 비밀지도.swift"; sourceTree = "<group>"; };
		CEE4C49E2963A7FC00C87543 /* Lv1. 3진법 뒤집기.swift */ = {isa = PBXFileReference; lastKnownFileType = sourcecode.swift; path = "Lv1. 3진법 뒤집기.swift"; sourceTree = "<group>"; };
		CEE4C4A02963AC4900C87543 /* Lv1. 문자열 내 마음대로 정렬하기.swift */ = {isa = PBXFileReference; lastKnownFileType = sourcecode.swift; path = "Lv1. 문자열 내 마음대로 정렬하기.swift"; sourceTree = "<group>"; };
		CEE4C4A22964FA5000C87543 /* Lv1. 시저암호.swift */ = {isa = PBXFileReference; lastKnownFileType = sourcecode.swift; path = "Lv1. 시저암호.swift"; sourceTree = "<group>"; };
		CEE4C4A42966EDC000C87543 /* Lv0. 평행.swift */ = {isa = PBXFileReference; lastKnownFileType = sourcecode.swift; path = "Lv0. 평행.swift"; sourceTree = "<group>"; };
		CEE4C4A7296861FD00C87543 /* Lv0. 특이한 정렬.swift */ = {isa = PBXFileReference; lastKnownFileType = sourcecode.swift; path = "Lv0. 특이한 정렬.swift"; sourceTree = "<group>"; };
		CEE4C4A9296CE2C200C87543 /* LV1. 두 개 뽑아서 더하기.swift */ = {isa = PBXFileReference; lastKnownFileType = sourcecode.swift; path = "LV1. 두 개 뽑아서 더하기.swift"; sourceTree = "<group>"; };
/* End PBXFileReference section */

/* Begin PBXFrameworksBuildPhase section */
		CEA708AE294C770D00C7B086 /* Frameworks */ = {
			isa = PBXFrameworksBuildPhase;
			buildActionMask = 2147483647;
			files = (
			);
			runOnlyForDeploymentPostprocessing = 0;
		};
/* End PBXFrameworksBuildPhase section */

/* Begin PBXGroup section */
		CEA708A8294C770D00C7B086 = {
			isa = PBXGroup;
			children = (
				CEA708BB294C772700C7B086 /* 백준 */,
				CEA708B3294C770D00C7B086 /* 프로그래머스 */,
				CEA708B2294C770D00C7B086 /* Products */,
			);
			sourceTree = "<group>";
		};
		CEA708B2294C770D00C7B086 /* Products */ = {
			isa = PBXGroup;
			children = (
				CEA708B1294C770D00C7B086 /* Algorithm */,
			);
			name = Products;
			sourceTree = "<group>";
		};
		CEA708B3294C770D00C7B086 /* 프로그래머스 */ = {
			isa = PBXGroup;
			children = (
				CEA708B4294C770D00C7B086 /* Lv1.숫자 짝꿍.swift */,
				CEA708BE294D516100C7B086 /* Lv2.디펜스 게임X.swift */,
				CEA708C2294EF04300C7B086 /* Lv2.점 찍기X.swift */,
				CEA708C4294FE15E00C7B086 /* Lv1.콜라문제.swift */,
				CEA708C6294FEA9D00C7B086 /* LV0.옹알이(1)X.swift */,
				CE7F1141295133C000A02BDB /* LV1.없는 숫자 더하기.swift */,
				CE7F1143295135E900A02BDB /* LV1.나누어 떨어지는 숫자 배열.swift */,
				CE7F1145295135F300A02BDB /* LV1.짝수와 홀수.swift */,
				CE7F11472951385900A02BDB /* LV1.가운데 글자 가져오기.swift */,
				CE7F114929513C5300A02BDB /* LV1.문자열 내 p와 y의 개수.swift */,
				CE7F114E2952850400A02BDB /* LV1.나머지가 1이 되는 수 찾기.swift */,
				CE7F115029528B5300A02BDB /* LV1.콜라츠 추측.swift */,
				CE7F11522953D5CB00A02BDB /* LV1.약수의 합.swift */,
				CE7F11542953D5D300A02BDB /* LV1.자연수 뒤집어 배열로 만들기.swift */,
				CE7F11562953D5DA00A02BDB /* LV1.하샤드 수.swift */,
				CE7F115A2953E7A500A02BDB /* Lv0. 팩토리얼.swift */,
				CE66DE9C2955285C006CED61 /* Lv0. 2차원으로 만들기.swift */,
				CE66DE9E29552866006CED61 /* Lv1. 핸드폰 번호 가리기.swift */,
				CE66DEA22955316F006CED61 /* LV1. 평균 구하기.swift */,
				CE66DEA4295704DB006CED61 /* LV1. 자릿수 더하기.swift */,
				CE66DEA629570595006CED61 /* LV1.정수 제곱근 판별.swift */,
				CE6794D1295927D90077005E /* LV1.x만큼 간격이 있는 n개의 숫자.swift */,
				CE6794B1295888F80077005E /* Lv1.서울에서 김서방 찾기.swift */,
				CE6794AE295887280077005E /* Lv1.제일 작은 수 제거하기.swift */,
				CE6794CC29591BE80077005E /* Lv1. 음양 더하기.swift */,
				CE6794CD29591BF00077005E /* LV1. 수박수박수박수박수박수?.swift */,
				CE6794EB295A6E7C0077005E /* LV1. 문자열 내림차순으로 배치하기 .swift */,
				CE6794ED295A6E860077005E /* Lv0.문자열 계산하기.swift */,
				CEE4C482295BC51E00C87543 /* Lv1. 문자열 다루기 기본.swift */,
				CEE4C483295BC55D00C87543 /* Lv1. 부족한 금액 계산하기.swift */,
				CEE4C485295BC58900C87543 /* Lv1. 이상한 문자 만들기.swift */,
				CEE4C487295BCFB000C87543 /* Lv1. 직사각형 별찍기.swift */,
				CEE4C489295BCFC500C87543 /* Lv1. 내적.swift */,
				CEE4C48B295BCFCD00C87543 /* Lv1. 예산.swift */,
				CEE4C48D295BCFD400C87543 /* Lv1. 문자열을 정수로 바꾸기.swift */,
				CEE4C492295E624F00C87543 /* Lv1. 정수 내림차순으로 배치하기.swift */,
				CEE4C495295E65A400C87543 /* Lv1. 두 정수 사이의 합.swift */,
				CEE4C497295E65B900C87543 /* Lv1. 약수의 개수와 덧셈.swift */,
				CEE4C499295E65C300C87543 /* Lv1. [1차] 비밀지도.swift */,
				CEE4C49E2963A7FC00C87543 /* Lv1. 3진법 뒤집기.swift */,
				CEE4C4A02963AC4900C87543 /* Lv1. 문자열 내 마음대로 정렬하기.swift */,
				CEE4C4A22964FA5000C87543 /* Lv1. 시저암호.swift */,
				CEE4C4A42966EDC000C87543 /* Lv0. 평행.swift */,
				CEE4C4A7296861FD00C87543 /* Lv0. 특이한 정렬.swift */,
				CEE4C4A9296CE2C200C87543 /* LV1. 두 개 뽑아서 더하기.swift */,
				CEAEF14F296E34670010D6E5 /* LV1. 모의고사.swift */,
				CEAEF151296E347E0010D6E5 /* LV1. 소수 만들기.swift */,
				CEAEF154296F862C0010D6E5 /* LV1. 실패율.swift */,
				CEAEF156296F86330010D6E5 /* LV1. 크기가 작은 부분 문자열.swift */,
				CEAEF15E2970D7100010D6E5 /* LV1. K번째수.swift */,
				CE66174B29761EE200F30C20 /* LV1.푸드 파이트 대회.swift */,
				CE66174D297771DD00F30C20 /* LV1.다트 게임.swift */,
				CE66174F2978C0F800F30C20 /* LV1.키패드 누르기.swift */,
				CE661751297A12F500F30C20 /* LV1.크레인 인형뽑기 게임.swift */,
				CE661753297A60D000F30C20 /* LV1.체육복.swift */,
				CE6617562980A91A00F30C20 /* main.swift */,
			);
			name = "프로그래머스";
			path = "프로그래머스";
			sourceTree = "<group>";
		};
		CEA708BB294C772700C7B086 /* 백준 */ = {
			isa = PBXGroup;
			children = (
				CEA708BC294C77AB00C7B086 /* File.swift */,
			);
			name = "백준";
			path = "백준";
			sourceTree = "<group>";
		};
/* End PBXGroup section */

/* Begin PBXNativeTarget section */
		CEA708B0294C770D00C7B086 /* Algorithm */ = {
			isa = PBXNativeTarget;
			buildConfigurationList = CEA708B8294C770D00C7B086 /* Build configuration list for PBXNativeTarget "Algorithm" */;
			buildPhases = (
				CEA708AD294C770D00C7B086 /* Sources */,
				CEA708AE294C770D00C7B086 /* Frameworks */,
				CEA708AF294C770D00C7B086 /* CopyFiles */,
			);
			buildRules = (
			);
			dependencies = (
			);
			name = Algorithm;
			productName = Algorithm;
			productReference = CEA708B1294C770D00C7B086 /* Algorithm */;
			productType = "com.apple.product-type.tool";
		};
/* End PBXNativeTarget section */

/* Begin PBXProject section */
		CEA708A9294C770D00C7B086 /* Project object */ = {
			isa = PBXProject;
			attributes = {
				BuildIndependentTargetsInParallel = 1;
				LastSwiftUpdateCheck = 1400;
				LastUpgradeCheck = 1400;
				TargetAttributes = {
					CEA708B0294C770D00C7B086 = {
						CreatedOnToolsVersion = 14.0.1;
					};
				};
			};
			buildConfigurationList = CEA708AC294C770D00C7B086 /* Build configuration list for PBXProject "Algorithm" */;
			compatibilityVersion = "Xcode 14.0";
			developmentRegion = en;
			hasScannedForEncodings = 0;
			knownRegions = (
				en,
				Base,
			);
			mainGroup = CEA708A8294C770D00C7B086;
			productRefGroup = CEA708B2294C770D00C7B086 /* Products */;
			projectDirPath = "";
			projectRoot = "";
			targets = (
				CEA708B0294C770D00C7B086 /* Algorithm */,
			);
		};
/* End PBXProject section */

/* Begin PBXSourcesBuildPhase section */
		CEA708AD294C770D00C7B086 /* Sources */ = {
			isa = PBXSourcesBuildPhase;
			buildActionMask = 2147483647;
			files = (
				CEA708C1294D519D00C7B086 /* File.swift in Sources */,
				CE6617572980A91A00F30C20 /* main.swift in Sources */,
			);
			runOnlyForDeploymentPostprocessing = 0;
		};
/* End PBXSourcesBuildPhase section */

/* Begin XCBuildConfiguration section */
		CEA708B6294C770D00C7B086 /* Debug */ = {
			isa = XCBuildConfiguration;
			buildSettings = {
				ALWAYS_SEARCH_USER_PATHS = NO;
				CLANG_ANALYZER_NONNULL = YES;
				CLANG_ANALYZER_NUMBER_OBJECT_CONVERSION = YES_AGGRESSIVE;
				CLANG_CXX_LANGUAGE_STANDARD = "gnu++20";
				CLANG_ENABLE_MODULES = YES;
				CLANG_ENABLE_OBJC_ARC = YES;
				CLANG_ENABLE_OBJC_WEAK = YES;
				CLANG_WARN_BLOCK_CAPTURE_AUTORELEASING = YES;
				CLANG_WARN_BOOL_CONVERSION = YES;
				CLANG_WARN_COMMA = YES;
				CLANG_WARN_CONSTANT_CONVERSION = YES;
				CLANG_WARN_DEPRECATED_OBJC_IMPLEMENTATIONS = YES;
				CLANG_WARN_DIRECT_OBJC_ISA_USAGE = YES_ERROR;
				CLANG_WARN_DOCUMENTATION_COMMENTS = YES;
				CLANG_WARN_EMPTY_BODY = YES;
				CLANG_WARN_ENUM_CONVERSION = YES;
				CLANG_WARN_INFINITE_RECURSION = YES;
				CLANG_WARN_INT_CONVERSION = YES;
				CLANG_WARN_NON_LITERAL_NULL_CONVERSION = YES;
				CLANG_WARN_OBJC_IMPLICIT_RETAIN_SELF = YES;
				CLANG_WARN_OBJC_LITERAL_CONVERSION = YES;
				CLANG_WARN_OBJC_ROOT_CLASS = YES_ERROR;
				CLANG_WARN_QUOTED_INCLUDE_IN_FRAMEWORK_HEADER = YES;
				CLANG_WARN_RANGE_LOOP_ANALYSIS = YES;
				CLANG_WARN_STRICT_PROTOTYPES = YES;
				CLANG_WARN_SUSPICIOUS_MOVE = YES;
				CLANG_WARN_UNGUARDED_AVAILABILITY = YES_AGGRESSIVE;
				CLANG_WARN_UNREACHABLE_CODE = YES;
				CLANG_WARN__DUPLICATE_METHOD_MATCH = YES;
				COPY_PHASE_STRIP = NO;
				DEBUG_INFORMATION_FORMAT = dwarf;
				ENABLE_STRICT_OBJC_MSGSEND = YES;
				ENABLE_TESTABILITY = YES;
				GCC_C_LANGUAGE_STANDARD = gnu11;
				GCC_DYNAMIC_NO_PIC = NO;
				GCC_NO_COMMON_BLOCKS = YES;
				GCC_OPTIMIZATION_LEVEL = 0;
				GCC_PREPROCESSOR_DEFINITIONS = (
					"DEBUG=1",
					"$(inherited)",
				);
				GCC_WARN_64_TO_32_BIT_CONVERSION = YES;
				GCC_WARN_ABOUT_RETURN_TYPE = YES_ERROR;
				GCC_WARN_UNDECLARED_SELECTOR = YES;
				GCC_WARN_UNINITIALIZED_AUTOS = YES_AGGRESSIVE;
				GCC_WARN_UNUSED_FUNCTION = YES;
				GCC_WARN_UNUSED_VARIABLE = YES;
				MACOSX_DEPLOYMENT_TARGET = 12.3;
				MTL_ENABLE_DEBUG_INFO = INCLUDE_SOURCE;
				MTL_FAST_MATH = YES;
				ONLY_ACTIVE_ARCH = YES;
				SDKROOT = macosx;
				SWIFT_ACTIVE_COMPILATION_CONDITIONS = DEBUG;
				SWIFT_OPTIMIZATION_LEVEL = "-Onone";
			};
			name = Debug;
		};
		CEA708B7294C770D00C7B086 /* Release */ = {
			isa = XCBuildConfiguration;
			buildSettings = {
				ALWAYS_SEARCH_USER_PATHS = NO;
				CLANG_ANALYZER_NONNULL = YES;
				CLANG_ANALYZER_NUMBER_OBJECT_CONVERSION = YES_AGGRESSIVE;
				CLANG_CXX_LANGUAGE_STANDARD = "gnu++20";
				CLANG_ENABLE_MODULES = YES;
				CLANG_ENABLE_OBJC_ARC = YES;
				CLANG_ENABLE_OBJC_WEAK = YES;
				CLANG_WARN_BLOCK_CAPTURE_AUTORELEASING = YES;
				CLANG_WARN_BOOL_CONVERSION = YES;
				CLANG_WARN_COMMA = YES;
				CLANG_WARN_CONSTANT_CONVERSION = YES;
				CLANG_WARN_DEPRECATED_OBJC_IMPLEMENTATIONS = YES;
				CLANG_WARN_DIRECT_OBJC_ISA_USAGE = YES_ERROR;
				CLANG_WARN_DOCUMENTATION_COMMENTS = YES;
				CLANG_WARN_EMPTY_BODY = YES;
				CLANG_WARN_ENUM_CONVERSION = YES;
				CLANG_WARN_INFINITE_RECURSION = YES;
				CLANG_WARN_INT_CONVERSION = YES;
				CLANG_WARN_NON_LITERAL_NULL_CONVERSION = YES;
				CLANG_WARN_OBJC_IMPLICIT_RETAIN_SELF = YES;
				CLANG_WARN_OBJC_LITERAL_CONVERSION = YES;
				CLANG_WARN_OBJC_ROOT_CLASS = YES_ERROR;
				CLANG_WARN_QUOTED_INCLUDE_IN_FRAMEWORK_HEADER = YES;
				CLANG_WARN_RANGE_LOOP_ANALYSIS = YES;
				CLANG_WARN_STRICT_PROTOTYPES = YES;
				CLANG_WARN_SUSPICIOUS_MOVE = YES;
				CLANG_WARN_UNGUARDED_AVAILABILITY = YES_AGGRESSIVE;
				CLANG_WARN_UNREACHABLE_CODE = YES;
				CLANG_WARN__DUPLICATE_METHOD_MATCH = YES;
				COPY_PHASE_STRIP = NO;
				DEBUG_INFORMATION_FORMAT = "dwarf-with-dsym";
				ENABLE_NS_ASSERTIONS = NO;
				ENABLE_STRICT_OBJC_MSGSEND = YES;
				GCC_C_LANGUAGE_STANDARD = gnu11;
				GCC_NO_COMMON_BLOCKS = YES;
				GCC_WARN_64_TO_32_BIT_CONVERSION = YES;
				GCC_WARN_ABOUT_RETURN_TYPE = YES_ERROR;
				GCC_WARN_UNDECLARED_SELECTOR = YES;
				GCC_WARN_UNINITIALIZED_AUTOS = YES_AGGRESSIVE;
				GCC_WARN_UNUSED_FUNCTION = YES;
				GCC_WARN_UNUSED_VARIABLE = YES;
				MACOSX_DEPLOYMENT_TARGET = 12.3;
				MTL_ENABLE_DEBUG_INFO = NO;
				MTL_FAST_MATH = YES;
				SDKROOT = macosx;
				SWIFT_COMPILATION_MODE = wholemodule;
				SWIFT_OPTIMIZATION_LEVEL = "-O";
			};
			name = Release;
		};
		CEA708B9294C770D00C7B086 /* Debug */ = {
			isa = XCBuildConfiguration;
			buildSettings = {
				CODE_SIGN_STYLE = Automatic;
				DEVELOPMENT_TEAM = QVX6L7QGV2;
				ENABLE_HARDENED_RUNTIME = YES;
				PRODUCT_NAME = "$(TARGET_NAME)";
				SWIFT_VERSION = 5.0;
			};
			name = Debug;
		};
		CEA708BA294C770D00C7B086 /* Release */ = {
			isa = XCBuildConfiguration;
			buildSettings = {
				CODE_SIGN_STYLE = Automatic;
				DEVELOPMENT_TEAM = QVX6L7QGV2;
				ENABLE_HARDENED_RUNTIME = YES;
				PRODUCT_NAME = "$(TARGET_NAME)";
				SWIFT_VERSION = 5.0;
			};
			name = Release;
		};
/* End XCBuildConfiguration section */

/* Begin XCConfigurationList section */
		CEA708AC294C770D00C7B086 /* Build configuration list for PBXProject "Algorithm" */ = {
			isa = XCConfigurationList;
			buildConfigurations = (
				CEA708B6294C770D00C7B086 /* Debug */,
				CEA708B7294C770D00C7B086 /* Release */,
			);
			defaultConfigurationIsVisible = 0;
			defaultConfigurationName = Release;
		};
		CEA708B8294C770D00C7B086 /* Build configuration list for PBXNativeTarget "Algorithm" */ = {
			isa = XCConfigurationList;
			buildConfigurations = (
				CEA708B9294C770D00C7B086 /* Debug */,
				CEA708BA294C770D00C7B086 /* Release */,
			);
			defaultConfigurationIsVisible = 0;
			defaultConfigurationName = Release;
		};
/* End XCConfigurationList section */
	};
	rootObject = CEA708A9294C770D00C7B086 /* Project object */;
}
