// !$*UTF8*$!
{
	archiveVersion = 1;
	classes = {
	};
	objectVersion = 56;
	objects = {

/* Begin PBXBuildFile section */
		CE1B710629C11D57003E1CDE /* LV2. n^2 배열 자르기.swift in Sources */ = {isa = PBXBuildFile; fileRef = CE1B710529C11D57003E1CDE /* LV2. n^2 배열 자르기.swift */; };
		CE46590529DE589C0021D62C /* Queue.swift in Sources */ = {isa = PBXBuildFile; fileRef = CE46590429DE589C0021D62C /* Queue.swift */; };
		CE46590729DE5B230021D62C /* Dequeue.swift in Sources */ = {isa = PBXBuildFile; fileRef = CE46590629DE5B230021D62C /* Dequeue.swift */; };
		CECAC36729A4428F00FF8511 /* LV2. 최솟값 만들기.swift in Sources */ = {isa = PBXBuildFile; fileRef = CECAC36629A4419100FF8511 /* LV2. 최솟값 만들기.swift */; };
		CECAC37F29A592C000FF8511 /* main.swift in Sources */ = {isa = PBXBuildFile; fileRef = CECAC37E29A592C000FF8511 /* main.swift */; };
/* End PBXBuildFile section */

/* Begin PBXCopyFilesBuildPhase section */
		CEA708AF294C770D00C7B086 /* CopyFiles */ = {
			isa = PBXCopyFilesBuildPhase;
			buildActionMask = 2147483647;
			dstPath = /usr/share/man/man1/;
			dstSubfolderSpec = 0;
			files = (
			);
			runOnlyForDeploymentPostprocessing = 1;
		};
/* End PBXCopyFilesBuildPhase section */

/* Begin PBXFileReference section */
		CE1699F529AC2AF00063A57D /* LV2. 카펫.swift */ = {isa = PBXFileReference; lastKnownFileType = sourcecode.swift; path = "LV2. 카펫.swift"; sourceTree = "<group>"; };
		CE1699F829AD7CCF0063A57D /* LV2.예상 대진표.swift */ = {isa = PBXFileReference; lastKnownFileType = sourcecode.swift; path = "LV2.예상 대진표.swift"; sourceTree = "<group>"; };
		CE169AA129B01F310063A57D /* LV2. N개의 최소공배수.swift */ = {isa = PBXFileReference; lastKnownFileType = sourcecode.swift; path = "LV2. N개의 최소공배수.swift"; sourceTree = "<group>"; };
		CE169AD429B1723E0063A57D /* LV2. 점프와 순간 이동 .swift */ = {isa = PBXFileReference; lastKnownFileType = sourcecode.swift; path = "LV2. 점프와 순간 이동 .swift"; sourceTree = "<group>"; };
		CE19D9322989EFF0003F4399 /* LV1.  문자열 나누기  .swift */ = {isa = PBXFileReference; lastKnownFileType = sourcecode.swift; path = "LV1.  문자열 나누기  .swift"; sourceTree = "<group>"; };
		CE19D934298B445E003F4399 /* LV2. 햄버거 만들기.swift */ = {isa = PBXFileReference; lastKnownFileType = sourcecode.swift; path = "LV2. 햄버거 만들기.swift"; sourceTree = "<group>"; };
		CE19D93629907C02003F4399 /* LV1. 명예의 전당(1).swift */ = {isa = PBXFileReference; lastKnownFileType = sourcecode.swift; path = "LV1. 명예의 전당(1).swift"; sourceTree = "<group>"; };
		CE19D938299092E3003F4399 /* Greedy 체육복.swift */ = {isa = PBXFileReference; lastKnownFileType = sourcecode.swift; path = "Greedy 체육복.swift"; sourceTree = "<group>"; };
		CE1B710529C11D57003E1CDE /* LV2. n^2 배열 자르기.swift */ = {isa = PBXFileReference; lastKnownFileType = sourcecode.swift; path = "LV2. n^2 배열 자르기.swift"; sourceTree = "<group>"; };
		CE217AD0299B08AF005C9CF2 /* LV1. 개인정보 수집 유효기간.swift */ = {isa = PBXFileReference; lastKnownFileType = sourcecode.swift; path = "LV1. 개인정보 수집 유효기간.swift"; sourceTree = "<group>"; };
		CE217AF2299DAA8F005C9CF2 /* LV1. 둘만의 암호.swift */ = {isa = PBXFileReference; lastKnownFileType = sourcecode.swift; path = "LV1. 둘만의 암호.swift"; sourceTree = "<group>"; };
		CE29049F299EFBD800C9484E /* LV2. 최댓값과 최솟값.swift */ = {isa = PBXFileReference; lastKnownFileType = sourcecode.swift; path = "LV2. 최댓값과 최솟값.swift"; sourceTree = "<group>"; };
		CE2904A1299F027400C9484E /* LV2. JadenCase 문자열 만들기.swift */ = {isa = PBXFileReference; lastKnownFileType = sourcecode.swift; path = "LV2. JadenCase 문자열 만들기.swift"; sourceTree = "<group>"; };
		CE2904A3299F027C00C9484E /* LV1. 카드뭉치.swift */ = {isa = PBXFileReference; lastKnownFileType = sourcecode.swift; path = "LV1. 카드뭉치.swift"; sourceTree = "<group>"; };
		CE2CA84D29F9F4A70056D7F7 /* LV1. 대충 만든 자판.swift */ = {isa = PBXFileReference; lastKnownFileType = sourcecode.swift; path = "LV1. 대충 만든 자판.swift"; sourceTree = "<group>"; };
		CE2CA84E29FB44720056D7F7 /* Lv2.쿼드 압축 후 개수 세기.swift */ = {isa = PBXFileReference; lastKnownFileType = sourcecode.swift; path = "Lv2.쿼드 압축 후 개수 세기.swift"; sourceTree = "<group>"; };
		CE2CA84F29FEB6FF0056D7F7 /* Lv1.행렬의 덧셈.swift */ = {isa = PBXFileReference; lastKnownFileType = sourcecode.swift; path = "Lv1.행렬의 덧셈.swift"; sourceTree = "<group>"; };
		CE2CA85129FF3BD50056D7F7 /* Lv1. 바탕화면 정리.swift */ = {isa = PBXFileReference; lastKnownFileType = sourcecode.swift; path = "Lv1. 바탕화면 정리.swift"; sourceTree = "<group>"; };
		CE2CA8522A00915E0056D7F7 /* Lv2. 삼각 달팽이.swift */ = {isa = PBXFileReference; lastKnownFileType = sourcecode.swift; path = "Lv2. 삼각 달팽이.swift"; sourceTree = "<group>"; };
		CE2CA8532A01DC120056D7F7 /* Lv2. 달리기 경주.swift */ = {isa = PBXFileReference; lastKnownFileType = sourcecode.swift; path = "Lv2. 달리기 경주.swift"; sourceTree = "<group>"; };
		CE2CA8542A03315D0056D7F7 /* LV2.연속된 부분 수열의 합.swift */ = {isa = PBXFileReference; lastKnownFileType = sourcecode.swift; path = "LV2.연속된 부분 수열의 합.swift"; sourceTree = "<group>"; };
		CE41E53C29E8D1D200571B93 /* LV2.k진수에서 소수 개수 구하기.swift */ = {isa = PBXFileReference; lastKnownFileType = sourcecode.swift; path = "LV2.k진수에서 소수 개수 구하기.swift"; sourceTree = "<group>"; };
		CE41E53D29EA63A700571B93 /* 롤케이크 자르기.swift */ = {isa = PBXFileReference; lastKnownFileType = sourcecode.swift; path = "롤케이크 자르기.swift"; sourceTree = "<group>"; };
		CE41E53F29EC0FD500571B93 /* 입국심사.swift */ = {isa = PBXFileReference; lastKnownFileType = sourcecode.swift; path = "입국심사.swift"; sourceTree = "<group>"; };
		CE41E54029ECC3F000571B93 /* LV2. 뒤에 있는 큰 수 찾기 .swift */ = {isa = PBXFileReference; lastKnownFileType = sourcecode.swift; path = "LV2. 뒤에 있는 큰 수 찾기 .swift"; sourceTree = "<group>"; };
		CE44E28029C8765F007319C5 /* LV2. 연속 부분 수열 합의 개수 .swift */ = {isa = PBXFileReference; lastKnownFileType = sourcecode.swift; path = "LV2. 연속 부분 수열 합의 개수 .swift"; sourceTree = "<group>"; };
		CE44E2A229C993AD007319C5 /* LV2. 프린터 .swift */ = {isa = PBXFileReference; lastKnownFileType = sourcecode.swift; path = "LV2. 프린터 .swift"; sourceTree = "<group>"; };
		CE44E2AF29CAE3CF007319C5 /* LV2. [1차] 뉴스 클러스터링 .swift */ = {isa = PBXFileReference; lastKnownFileType = sourcecode.swift; path = "LV2. [1차] 뉴스 클러스터링 .swift"; sourceTree = "<group>"; };
		CE4658F429DA5EBC0021D62C /* LV2.주차 요금 계산 .swift */ = {isa = PBXFileReference; lastKnownFileType = sourcecode.swift; path = "LV2.주차 요금 계산 .swift"; sourceTree = "<group>"; };
		CE4658F829DBA7F50021D62C /* LV2.오픈채팅방 .swift */ = {isa = PBXFileReference; lastKnownFileType = sourcecode.swift; path = "LV2.오픈채팅방 .swift"; sourceTree = "<group>"; };
		CE46590029DCF2220021D62C /* LV2. 땅따먹기.swift */ = {isa = PBXFileReference; lastKnownFileType = sourcecode.swift; path = "LV2. 땅따먹기.swift"; sourceTree = "<group>"; };
		CE46590229DE436E0021D62C /* LV2. 스킬트리.swift */ = {isa = PBXFileReference; lastKnownFileType = sourcecode.swift; path = "LV2. 스킬트리.swift"; sourceTree = "<group>"; };
		CE46590429DE589C0021D62C /* Queue.swift */ = {isa = PBXFileReference; lastKnownFileType = sourcecode.swift; path = Queue.swift; sourceTree = "<group>"; };
		CE46590629DE5B230021D62C /* Dequeue.swift */ = {isa = PBXFileReference; lastKnownFileType = sourcecode.swift; path = Dequeue.swift; sourceTree = "<group>"; };
		CE46590829DE6BFE0021D62C /* LV4. 행렬과연산.swift */ = {isa = PBXFileReference; lastKnownFileType = sourcecode.swift; path = "LV4. 행렬과연산.swift"; sourceTree = "<group>"; };
		CE614D3A29DF949800A0E57A /* LV2. 방문길이.swift */ = {isa = PBXFileReference; lastKnownFileType = sourcecode.swift; path = "LV2. 방문길이.swift"; sourceTree = "<group>"; };
		CE66174B29761EE200F30C20 /* LV1.푸드 파이트 대회.swift */ = {isa = PBXFileReference; lastKnownFileType = sourcecode.swift; path = "LV1.푸드 파이트 대회.swift"; sourceTree = "<group>"; };
		CE66174D297771DD00F30C20 /* LV1.다트 게임.swift */ = {isa = PBXFileReference; lastKnownFileType = sourcecode.swift; path = "LV1.다트 게임.swift"; sourceTree = "<group>"; };
		CE66174F2978C0F800F30C20 /* LV1.키패드 누르기.swift */ = {isa = PBXFileReference; lastKnownFileType = sourcecode.swift; path = "LV1.키패드 누르기.swift"; sourceTree = "<group>"; };
		CE661751297A12F500F30C20 /* LV1.크레인 인형뽑기 게임.swift */ = {isa = PBXFileReference; lastKnownFileType = sourcecode.swift; path = "LV1.크레인 인형뽑기 게임.swift"; sourceTree = "<group>"; };
		CE661753297A60D000F30C20 /* LV1.체육복.swift */ = {isa = PBXFileReference; lastKnownFileType = sourcecode.swift; path = "LV1.체육복.swift"; sourceTree = "<group>"; };
		CE6617562980A91A00F30C20 /* Lv1. 기사단원의 무기.swift */ = {isa = PBXFileReference; lastKnownFileType = sourcecode.swift; path = "Lv1. 기사단원의 무기.swift"; sourceTree = "<group>"; };
		CE6617822982040900F30C20 /* LV1. 가장 가까운 같은 글자.swift */ = {isa = PBXFileReference; lastKnownFileType = sourcecode.swift; path = "LV1. 가장 가까운 같은 글자.swift"; sourceTree = "<group>"; };
		CE66178929835AFA00F30C20 /* LV1. 로또의 최고 순위와 최저 순위.swift */ = {isa = PBXFileReference; lastKnownFileType = sourcecode.swift; path = "LV1. 로또의 최고 순위와 최저 순위.swift"; sourceTree = "<group>"; };
		CE661795298740C000F30C20 /* LV1. 신규 아이디 추천.swift */ = {isa = PBXFileReference; lastKnownFileType = sourcecode.swift; path = "LV1. 신규 아이디 추천.swift"; sourceTree = "<group>"; };
		CE6617972988935200F30C20 /* LV1. 과일 장수.swift */ = {isa = PBXFileReference; lastKnownFileType = sourcecode.swift; path = "LV1. 과일 장수.swift"; sourceTree = "<group>"; };
		CE6617992988A65F00F30C20 /* LV1. 성격 유형 검사하기.swift */ = {isa = PBXFileReference; lastKnownFileType = sourcecode.swift; path = "LV1. 성격 유형 검사하기.swift"; sourceTree = "<group>"; };
		CE662D6829B59260000330A2 /* LV2. 멀리 뛰기.swift */ = {isa = PBXFileReference; lastKnownFileType = sourcecode.swift; path = "LV2. 멀리 뛰기.swift"; sourceTree = "<group>"; };
		CE66DE9C2955285C006CED61 /* Lv0. 2차원으로 만들기.swift */ = {isa = PBXFileReference; lastKnownFileType = sourcecode.swift; path = "Lv0. 2차원으로 만들기.swift"; sourceTree = "<group>"; };
		CE66DE9E29552866006CED61 /* Lv1. 핸드폰 번호 가리기.swift */ = {isa = PBXFileReference; lastKnownFileType = sourcecode.swift; path = "Lv1. 핸드폰 번호 가리기.swift"; sourceTree = "<group>"; };
		CE66DEA22955316F006CED61 /* LV1. 평균 구하기.swift */ = {isa = PBXFileReference; lastKnownFileType = sourcecode.swift; path = "LV1. 평균 구하기.swift"; sourceTree = "<group>"; };
		CE66DEA4295704DB006CED61 /* LV1. 자릿수 더하기.swift */ = {isa = PBXFileReference; lastKnownFileType = sourcecode.swift; path = "LV1. 자릿수 더하기.swift"; sourceTree = "<group>"; };
		CE66DEA629570595006CED61 /* LV1.정수 제곱근 판별.swift */ = {isa = PBXFileReference; lastKnownFileType = sourcecode.swift; path = "LV1.정수 제곱근 판별.swift"; sourceTree = "<group>"; };
		CE6794AE295887280077005E /* Lv1.제일 작은 수 제거하기.swift */ = {isa = PBXFileReference; lastKnownFileType = sourcecode.swift; path = "Lv1.제일 작은 수 제거하기.swift"; sourceTree = "<group>"; };
		CE6794B1295888F80077005E /* Lv1.서울에서 김서방 찾기.swift */ = {isa = PBXFileReference; lastKnownFileType = sourcecode.swift; path = "Lv1.서울에서 김서방 찾기.swift"; sourceTree = "<group>"; };
		CE6794CC29591BE80077005E /* Lv1. 음양 더하기.swift */ = {isa = PBXFileReference; lastKnownFileType = sourcecode.swift; path = "Lv1. 음양 더하기.swift"; sourceTree = "<group>"; };
		CE6794CD29591BF00077005E /* LV1. 수박수박수박수박수박수?.swift */ = {isa = PBXFileReference; lastKnownFileType = sourcecode.swift; path = "LV1. 수박수박수박수박수박수?.swift"; sourceTree = "<group>"; };
		CE6794D1295927D90077005E /* LV1.x만큼 간격이 있는 n개의 숫자.swift */ = {isa = PBXFileReference; lastKnownFileType = sourcecode.swift; path = "LV1.x만큼 간격이 있는 n개의 숫자.swift"; sourceTree = "<group>"; };
		CE6794EB295A6E7C0077005E /* LV1. 문자열 내림차순으로 배치하기 .swift */ = {isa = PBXFileReference; lastKnownFileType = sourcecode.swift; path = "LV1. 문자열 내림차순으로 배치하기 .swift"; sourceTree = "<group>"; };
		CE6794ED295A6E860077005E /* Lv0.문자열 계산하기.swift */ = {isa = PBXFileReference; lastKnownFileType = sourcecode.swift; path = "Lv0.문자열 계산하기.swift"; sourceTree = "<group>"; };
		CE6905652A16F51A0019C62A /* 지구 온난화.swift */ = {isa = PBXFileReference; lastKnownFileType = sourcecode.swift; path = "지구 온난화.swift"; sourceTree = "<group>"; };
		CE6905662A18C4FE0019C62A /* LV1.약수의 개수와 덧셈.swift */ = {isa = PBXFileReference; lastKnownFileType = sourcecode.swift; path = "LV1.약수의 개수와 덧셈.swift"; sourceTree = "<group>"; };
		CE6905672A1A65360019C62A /* LV1. 소수찾기.swift */ = {isa = PBXFileReference; lastKnownFileType = sourcecode.swift; path = "LV1. 소수찾기.swift"; sourceTree = "<group>"; };
		CE6905682A1AE8AA0019C62A /* LV2. 큰 수 만들기.swift */ = {isa = PBXFileReference; lastKnownFileType = sourcecode.swift; path = "LV2. 큰 수 만들기.swift"; sourceTree = "<group>"; };
		CE69BAB52A07EA90004FC5B0 /* Lv1.이상한 문자 만들기.swift */ = {isa = PBXFileReference; lastKnownFileType = sourcecode.swift; path = "Lv1.이상한 문자 만들기.swift"; sourceTree = "<group>"; };
		CE69BAB72A08C2A5004FC5B0 /* 봄버맨.swift */ = {isa = PBXFileReference; lastKnownFileType = sourcecode.swift; path = "봄버맨.swift"; sourceTree = "<group>"; };
		CE69BAB92A092751004FC5B0 /* 적록색약.swift */ = {isa = PBXFileReference; lastKnownFileType = sourcecode.swift; path = "적록색약.swift"; sourceTree = "<group>"; };
		CE69BABB2A092779004FC5B0 /* 쉬운 최단거리.swift */ = {isa = PBXFileReference; lastKnownFileType = sourcecode.swift; path = "쉬운 최단거리.swift"; sourceTree = "<group>"; };
		CE69BABC2A09D207004FC5B0 /* 토마토.swift */ = {isa = PBXFileReference; lastKnownFileType = sourcecode.swift; path = "토마토.swift"; sourceTree = "<group>"; };
		CE69BABD2A0A1811004FC5B0 /* LV2.가장 큰 정사각형.swift */ = {isa = PBXFileReference; lastKnownFileType = sourcecode.swift; path = "LV2.가장 큰 정사각형.swift"; sourceTree = "<group>"; };
		CE69BABF2A0A2F57004FC5B0 /* 평범한 배낭.swift */ = {isa = PBXFileReference; lastKnownFileType = sourcecode.swift; path = "평범한 배낭.swift"; sourceTree = "<group>"; };
		CE69BAC12A0A378C004FC5B0 /* 스티커.swift */ = {isa = PBXFileReference; lastKnownFileType = sourcecode.swift; path = "스티커.swift"; sourceTree = "<group>"; };
		CE69BAC32A0B176A004FC5B0 /* 네트워크.swift */ = {isa = PBXFileReference; lastKnownFileType = sourcecode.swift; path = "네트워크.swift"; sourceTree = "<group>"; };
		CE69BAC52A0DB878004FC5B0 /* 집합의 표현.swift */ = {isa = PBXFileReference; lastKnownFileType = sourcecode.swift; path = "집합의 표현.swift"; sourceTree = "<group>"; };
		CE69BAC62A0DC57C004FC5B0 /* 공원산책.swift */ = {isa = PBXFileReference; lastKnownFileType = sourcecode.swift; path = "공원산책.swift"; sourceTree = "<group>"; };
		CE69BAC82A11B478004FC5B0 /* 연속합 2.swift */ = {isa = PBXFileReference; lastKnownFileType = sourcecode.swift; path = "연속합 2.swift"; sourceTree = "<group>"; };
		CE69BACA2A131F0C004FC5B0 /* 별 찍기 - 19.swift */ = {isa = PBXFileReference; lastKnownFileType = sourcecode.swift; path = "별 찍기 - 19.swift"; sourceTree = "<group>"; };
		CE69BACB2A144774004FC5B0 /* 예제문제.swift */ = {isa = PBXFileReference; lastKnownFileType = sourcecode.swift; path = "예제문제.swift"; sourceTree = "<group>"; };
		CE69BACD2A1489CB004FC5B0 /* 30.swift */ = {isa = PBXFileReference; lastKnownFileType = sourcecode.swift; path = 30.swift; sourceTree = "<group>"; };
		CE6CA47F29BB5FCD00DB297F /* LV2. 행렬의 곱셈.swift */ = {isa = PBXFileReference; lastKnownFileType = sourcecode.swift; path = "LV2. 행렬의 곱셈.swift"; sourceTree = "<group>"; };
		CE6CA4BC29BEA33F00DB297F /* LV2. 귤 고르기.swift */ = {isa = PBXFileReference; lastKnownFileType = sourcecode.swift; path = "LV2. 귤 고르기.swift"; sourceTree = "<group>"; };
		CE6CA4E829BFE12600DB297F /* LV2. 튜플 .swift */ = {isa = PBXFileReference; lastKnownFileType = sourcecode.swift; path = "LV2. 튜플 .swift"; sourceTree = "<group>"; };
		CE73EAD02A202B9C00195CC9 /* LV1. 소수 만들기.swift */ = {isa = PBXFileReference; lastKnownFileType = sourcecode.swift; path = "LV1. 소수 만들기.swift"; sourceTree = "<group>"; };
		CE73EAF32A249D1700195CC9 /* 수식 최대화.swift */ = {isa = PBXFileReference; lastKnownFileType = sourcecode.swift; path = "수식 최대화.swift"; sourceTree = "<group>"; };
		CE73EAF42A25758500195CC9 /* 방 번호.swift */ = {isa = PBXFileReference; lastKnownFileType = sourcecode.swift; path = "방 번호.swift"; sourceTree = "<group>"; };
		CE73EAF52A26BE4200195CC9 /* 2016년.swift */ = {isa = PBXFileReference; lastKnownFileType = sourcecode.swift; path = "2016년.swift"; sourceTree = "<group>"; };
		CE73EB042A281FB600195CC9 /* 한수.swift */ = {isa = PBXFileReference; lastKnownFileType = sourcecode.swift; path = "한수.swift"; sourceTree = "<group>"; };
		CE73EB052A29635000195CC9 /* LV1. 숫자 문자열과 영단어.swift */ = {isa = PBXFileReference; lastKnownFileType = sourcecode.swift; path = "LV1. 숫자 문자열과 영단어.swift"; sourceTree = "<group>"; };
		CE7F1141295133C000A02BDB /* LV1.없는 숫자 더하기.swift */ = {isa = PBXFileReference; lastKnownFileType = sourcecode.swift; path = "LV1.없는 숫자 더하기.swift"; sourceTree = "<group>"; };
		CE7F1143295135E900A02BDB /* LV1.나누어 떨어지는 숫자 배열.swift */ = {isa = PBXFileReference; lastKnownFileType = sourcecode.swift; path = "LV1.나누어 떨어지는 숫자 배열.swift"; sourceTree = "<group>"; };
		CE7F1145295135F300A02BDB /* LV1.짝수와 홀수.swift */ = {isa = PBXFileReference; lastKnownFileType = sourcecode.swift; path = "LV1.짝수와 홀수.swift"; sourceTree = "<group>"; };
		CE7F11472951385900A02BDB /* LV1.가운데 글자 가져오기.swift */ = {isa = PBXFileReference; lastKnownFileType = sourcecode.swift; path = "LV1.가운데 글자 가져오기.swift"; sourceTree = "<group>"; };
		CE7F114929513C5300A02BDB /* LV1.문자열 내 p와 y의 개수.swift */ = {isa = PBXFileReference; lastKnownFileType = sourcecode.swift; path = "LV1.문자열 내 p와 y의 개수.swift"; sourceTree = "<group>"; };
		CE7F114E2952850400A02BDB /* LV1.나머지가 1이 되는 수 찾기.swift */ = {isa = PBXFileReference; lastKnownFileType = sourcecode.swift; path = "LV1.나머지가 1이 되는 수 찾기.swift"; sourceTree = "<group>"; };
		CE7F115029528B5300A02BDB /* LV1.콜라츠 추측.swift */ = {isa = PBXFileReference; lastKnownFileType = sourcecode.swift; path = "LV1.콜라츠 추측.swift"; sourceTree = "<group>"; };
		CE7F11522953D5CB00A02BDB /* LV1.약수의 합.swift */ = {isa = PBXFileReference; lastKnownFileType = sourcecode.swift; path = "LV1.약수의 합.swift"; sourceTree = "<group>"; };
		CE7F11542953D5D300A02BDB /* LV1.자연수 뒤집어 배열로 만들기.swift */ = {isa = PBXFileReference; lastKnownFileType = sourcecode.swift; path = "LV1.자연수 뒤집어 배열로 만들기.swift"; sourceTree = "<group>"; };
		CE7F11562953D5DA00A02BDB /* LV1.하샤드 수.swift */ = {isa = PBXFileReference; lastKnownFileType = sourcecode.swift; path = "LV1.하샤드 수.swift"; sourceTree = "<group>"; };
		CE7F115A2953E7A500A02BDB /* Lv0. 팩토리얼.swift */ = {isa = PBXFileReference; lastKnownFileType = sourcecode.swift; path = "Lv0. 팩토리얼.swift"; sourceTree = "<group>"; };
		CE8515A3299899BB008E5677 /* LV1.옹알이 (2).swift */ = {isa = PBXFileReference; lastKnownFileType = sourcecode.swift; path = "LV1.옹알이 (2).swift"; sourceTree = "<group>"; };
		CE894C9D2A1CBE4E0011DFF2 /* 요세푸스 문제.swift */ = {isa = PBXFileReference; lastKnownFileType = sourcecode.swift; path = "요세푸스 문제.swift"; sourceTree = "<group>"; };
		CE894C9E2A1D905D0011DFF2 /* 두 큐 합 같게 만들기.swift */ = {isa = PBXFileReference; lastKnownFileType = sourcecode.swift; path = "두 큐 합 같게 만들기.swift"; sourceTree = "<group>"; };
		CE99A92629D696E000D0EA3A /* LV2.[3차] n진수 게임 .swift */ = {isa = PBXFileReference; lastKnownFileType = sourcecode.swift; path = "LV2.[3차] n진수 게임 .swift"; sourceTree = "<group>"; };
		CE9E57B82995C07900DCDB63 /* LV1. 신고 결과 받기.swift */ = {isa = PBXFileReference; lastKnownFileType = sourcecode.swift; path = "LV1. 신고 결과 받기.swift"; sourceTree = "<group>"; };
		CEA708B1294C770D00C7B086 /* Algorithm */ = {isa = PBXFileReference; explicitFileType = "compiled.mach-o.executable"; includeInIndex = 0; path = Algorithm; sourceTree = BUILT_PRODUCTS_DIR; };
		CEA708B4294C770D00C7B086 /* Lv1.숫자 짝꿍.swift */ = {isa = PBXFileReference; lastKnownFileType = sourcecode.swift; path = "Lv1.숫자 짝꿍.swift"; sourceTree = "<group>"; };
		CEA708BC294C77AB00C7B086 /* DFS와 BFS.swift */ = {isa = PBXFileReference; lastKnownFileType = sourcecode.swift; path = "DFS와 BFS.swift"; sourceTree = "<group>"; };
		CEA708BE294D516100C7B086 /* Lv2.디펜스 게임X.swift */ = {isa = PBXFileReference; lastKnownFileType = sourcecode.swift; path = "Lv2.디펜스 게임X.swift"; sourceTree = "<group>"; };
		CEA708C2294EF04300C7B086 /* Lv2.점 찍기X.swift */ = {isa = PBXFileReference; lastKnownFileType = sourcecode.swift; path = "Lv2.점 찍기X.swift"; sourceTree = "<group>"; };
		CEA708C4294FE15E00C7B086 /* Lv1.콜라문제.swift */ = {isa = PBXFileReference; lastKnownFileType = sourcecode.swift; path = "Lv1.콜라문제.swift"; sourceTree = "<group>"; };
		CEA708C6294FEA9D00C7B086 /* LV0.옹알이(1)X.swift */ = {isa = PBXFileReference; lastKnownFileType = sourcecode.swift; path = "LV0.옹알이(1)X.swift"; sourceTree = "<group>"; };
		CEAA9E5629EE1A14004059A0 /* 다리를 지나는 트럭 .swift */ = {isa = PBXFileReference; lastKnownFileType = sourcecode.swift; path = "다리를 지나는 트럭 .swift"; sourceTree = "<group>"; };
		CEAA9E5729EF680F004059A0 /* LV2. 타겟넘버.swift */ = {isa = PBXFileReference; lastKnownFileType = sourcecode.swift; path = "LV2. 타겟넘버.swift"; sourceTree = "<group>"; };
		CEAA9E5829F0C2D7004059A0 /* LV2. 가장 큰 수.swift */ = {isa = PBXFileReference; lastKnownFileType = sourcecode.swift; path = "LV2. 가장 큰 수.swift"; sourceTree = "<group>"; };
		CEAA9E5929F248A6004059A0 /* LV2. 추억 점수.swift */ = {isa = PBXFileReference; lastKnownFileType = sourcecode.swift; path = "LV2. 추억 점수.swift"; sourceTree = "<group>"; };
		CEAA9E5B29F371A3004059A0 /* LV2.기능 개발.swift */ = {isa = PBXFileReference; lastKnownFileType = sourcecode.swift; path = "LV2.기능 개발.swift"; sourceTree = "<group>"; };
		CEAA9E5C29F5FE34004059A0 /* LV2. 소수 찾기.swift */ = {isa = PBXFileReference; lastKnownFileType = sourcecode.swift; path = "LV2. 소수 찾기.swift"; sourceTree = "<group>"; };
		CEAA9E5E29F7501C004059A0 /* Lv2. 숫자 변환하기.swift */ = {isa = PBXFileReference; lastKnownFileType = sourcecode.swift; path = "Lv2. 숫자 변환하기.swift"; sourceTree = "<group>"; };
		CEAA9E5F29F8A0C2004059A0 /* LV2. 덧칠하기.swift */ = {isa = PBXFileReference; lastKnownFileType = sourcecode.swift; path = "LV2. 덧칠하기.swift"; sourceTree = "<group>"; };
		CEAEF14F296E34670010D6E5 /* LV1. 모의고사.swift */ = {isa = PBXFileReference; lastKnownFileType = sourcecode.swift; path = "LV1. 모의고사.swift"; sourceTree = "<group>"; };
		CEAEF154296F862C0010D6E5 /* LV1. 실패율.swift */ = {isa = PBXFileReference; lastKnownFileType = sourcecode.swift; path = "LV1. 실패율.swift"; sourceTree = "<group>"; };
		CEAEF156296F86330010D6E5 /* LV1. 크기가 작은 부분 문자열.swift */ = {isa = PBXFileReference; lastKnownFileType = sourcecode.swift; path = "LV1. 크기가 작은 부분 문자열.swift"; sourceTree = "<group>"; };
		CEAEF15E2970D7100010D6E5 /* LV1. K번째수.swift */ = {isa = PBXFileReference; lastKnownFileType = sourcecode.swift; path = "LV1. K번째수.swift"; sourceTree = "<group>"; };
		CEB4B8D129B71A7400498E90 /* LV2. H-Index.swift */ = {isa = PBXFileReference; lastKnownFileType = sourcecode.swift; path = "LV2. H-Index.swift"; sourceTree = "<group>"; };
		CECAC36629A4419100FF8511 /* LV2. 최솟값 만들기.swift */ = {isa = PBXFileReference; lastKnownFileType = sourcecode.swift; path = "LV2. 최솟값 만들기.swift"; sourceTree = "<group>"; };
		CECAC36829A44A0800FF8511 /* LV2. 올바른 괄호.swift */ = {isa = PBXFileReference; lastKnownFileType = sourcecode.swift; path = "LV2. 올바른 괄호.swift"; sourceTree = "<group>"; };
		CECAC36A29A44A1600FF8511 /* Lv2. 이진 변환 반복하기.swift */ = {isa = PBXFileReference; lastKnownFileType = sourcecode.swift; path = "Lv2. 이진 변환 반복하기.swift"; sourceTree = "<group>"; };
		CECAC37E29A592C000FF8511 /* main.swift */ = {isa = PBXFileReference; lastKnownFileType = sourcecode.swift; path = main.swift; sourceTree = "<group>"; };
		CECAC38029A5A93400FF8511 /* LV2. 피보나치 수.swift */ = {isa = PBXFileReference; lastKnownFileType = sourcecode.swift; path = "LV2. 피보나치 수.swift"; sourceTree = "<group>"; };
		CECAC38229A5A95C00FF8511 /* LV2. 다음 큰 숫자.swift */ = {isa = PBXFileReference; lastKnownFileType = sourcecode.swift; path = "LV2. 다음 큰 숫자.swift"; sourceTree = "<group>"; };
		CECAC39129A702B300FF8511 /* LV2. 짝지어 제거하기.swift */ = {isa = PBXFileReference; lastKnownFileType = sourcecode.swift; path = "LV2. 짝지어 제거하기.swift"; sourceTree = "<group>"; };
		CECAC3A629A852C800FF8511 /* LV2. 영어 끝말잇기 .swift */ = {isa = PBXFileReference; lastKnownFileType = sourcecode.swift; path = "LV2. 영어 끝말잇기 .swift"; sourceTree = "<group>"; };
		CECE9C1429E3BBD6007A4BD1 /* LV2.[3차]파일명 정렬.swift */ = {isa = PBXFileReference; lastKnownFileType = sourcecode.swift; path = "LV2.[3차]파일명 정렬.swift"; sourceTree = "<group>"; };
		CECE9C1629E587CB007A4BD1 /* LV2.모음사전.swift */ = {isa = PBXFileReference; lastKnownFileType = sourcecode.swift; path = "LV2.모음사전.swift"; sourceTree = "<group>"; };
		CECE9C1829E62DF5007A4BD1 /* LV2.[1차] 프렌즈4블록 도움말.swift */ = {isa = PBXFileReference; lastKnownFileType = sourcecode.swift; path = "LV2.[1차] 프렌즈4블록 도움말.swift"; sourceTree = "<group>"; };
		CECE9C5B29E7D5C8007A4BD1 /* LV2. 2개 이하로 다른 비트.swift */ = {isa = PBXFileReference; lastKnownFileType = sourcecode.swift; path = "LV2. 2개 이하로 다른 비트.swift"; sourceTree = "<group>"; };
		CECE9C5C29E7EB56007A4BD1 /* BinarySearch.swift */ = {isa = PBXFileReference; lastKnownFileType = sourcecode.swift; path = BinarySearch.swift; sourceTree = "<group>"; };
		CED6805F29D26811009BD9F0 /* LV2. [3차]압축.swift */ = {isa = PBXFileReference; lastKnownFileType = sourcecode.swift; path = "LV2. [3차]압축.swift"; sourceTree = "<group>"; };
		CED6806129D26826009BD9F0 /* XLV2. 피로도.swift */ = {isa = PBXFileReference; lastKnownFileType = sourcecode.swift; path = "XLV2. 피로도.swift"; sourceTree = "<group>"; };
		CED6806329D3C6B2009BD9F0 /* LV2. 할인행사.swift */ = {isa = PBXFileReference; lastKnownFileType = sourcecode.swift; path = "LV2. 할인행사.swift"; sourceTree = "<group>"; };
		CEE141052A15E13D003CD51A /* X홍삼게임.swift */ = {isa = PBXFileReference; lastKnownFileType = sourcecode.swift; path = "X홍삼게임.swift"; sourceTree = "<group>"; };
		CEE4C482295BC51E00C87543 /* Lv1. 문자열 다루기 기본.swift */ = {isa = PBXFileReference; lastKnownFileType = sourcecode.swift; path = "Lv1. 문자열 다루기 기본.swift"; sourceTree = "<group>"; };
		CEE4C483295BC55D00C87543 /* Lv1. 부족한 금액 계산하기.swift */ = {isa = PBXFileReference; lastKnownFileType = sourcecode.swift; path = "Lv1. 부족한 금액 계산하기.swift"; sourceTree = "<group>"; };
		CEE4C485295BC58900C87543 /* Lv1. 이상한 문자 만들기.swift */ = {isa = PBXFileReference; lastKnownFileType = sourcecode.swift; path = "Lv1. 이상한 문자 만들기.swift"; sourceTree = "<group>"; };
		CEE4C487295BCFB000C87543 /* Lv1. 직사각형 별찍기.swift */ = {isa = PBXFileReference; lastKnownFileType = sourcecode.swift; path = "Lv1. 직사각형 별찍기.swift"; sourceTree = "<group>"; };
		CEE4C489295BCFC500C87543 /* Lv1. 내적.swift */ = {isa = PBXFileReference; lastKnownFileType = sourcecode.swift; path = "Lv1. 내적.swift"; sourceTree = "<group>"; };
		CEE4C48B295BCFCD00C87543 /* Lv1. 예산.swift */ = {isa = PBXFileReference; lastKnownFileType = sourcecode.swift; path = "Lv1. 예산.swift"; sourceTree = "<group>"; };
		CEE4C48D295BCFD400C87543 /* Lv1. 문자열을 정수로 바꾸기.swift */ = {isa = PBXFileReference; lastKnownFileType = sourcecode.swift; path = "Lv1. 문자열을 정수로 바꾸기.swift"; sourceTree = "<group>"; };
		CEE4C492295E624F00C87543 /* Lv1. 정수 내림차순으로 배치하기.swift */ = {isa = PBXFileReference; lastKnownFileType = sourcecode.swift; path = "Lv1. 정수 내림차순으로 배치하기.swift"; sourceTree = "<group>"; };
		CEE4C495295E65A400C87543 /* Lv1. 두 정수 사이의 합.swift */ = {isa = PBXFileReference; lastKnownFileType = sourcecode.swift; path = "Lv1. 두 정수 사이의 합.swift"; sourceTree = "<group>"; };
		CEE4C497295E65B900C87543 /* Lv1. 약수의 개수와 덧셈.swift */ = {isa = PBXFileReference; lastKnownFileType = sourcecode.swift; path = "Lv1. 약수의 개수와 덧셈.swift"; sourceTree = "<group>"; };
		CEE4C499295E65C300C87543 /* Lv1. [1차] 비밀지도.swift */ = {isa = PBXFileReference; lastKnownFileType = sourcecode.swift; path = "Lv1. [1차] 비밀지도.swift"; sourceTree = "<group>"; };
		CEE4C49E2963A7FC00C87543 /* Lv1. 3진법 뒤집기.swift */ = {isa = PBXFileReference; lastKnownFileType = sourcecode.swift; path = "Lv1. 3진법 뒤집기.swift"; sourceTree = "<group>"; };
		CEE4C4A02963AC4900C87543 /* Lv1. 문자열 내 마음대로 정렬하기.swift */ = {isa = PBXFileReference; lastKnownFileType = sourcecode.swift; path = "Lv1. 문자열 내 마음대로 정렬하기.swift"; sourceTree = "<group>"; };
		CEE4C4A22964FA5000C87543 /* Lv1. 시저암호.swift */ = {isa = PBXFileReference; lastKnownFileType = sourcecode.swift; path = "Lv1. 시저암호.swift"; sourceTree = "<group>"; };
		CEE4C4A42966EDC000C87543 /* Lv0. 평행.swift */ = {isa = PBXFileReference; lastKnownFileType = sourcecode.swift; path = "Lv0. 평행.swift"; sourceTree = "<group>"; };
		CEE4C4A7296861FD00C87543 /* Lv0. 특이한 정렬.swift */ = {isa = PBXFileReference; lastKnownFileType = sourcecode.swift; path = "Lv0. 특이한 정렬.swift"; sourceTree = "<group>"; };
		CEE4C4A9296CE2C200C87543 /* LV1. 두 개 뽑아서 더하기.swift */ = {isa = PBXFileReference; lastKnownFileType = sourcecode.swift; path = "LV1. 두 개 뽑아서 더하기.swift"; sourceTree = "<group>"; };
		CEFA94B629B85957003B6B3B /* LV2. 괄호 회전하기.swift */ = {isa = PBXFileReference; lastKnownFileType = sourcecode.swift; path = "LV2. 괄호 회전하기.swift"; sourceTree = "<group>"; };
		CEFA94BF29B98FFD003B6B3B /* LV2.[1차] 캐시 .swift */ = {isa = PBXFileReference; lastKnownFileType = sourcecode.swift; path = "LV2.[1차] 캐시 .swift"; sourceTree = "<group>"; };
/* End PBXFileReference section */

/* Begin PBXFrameworksBuildPhase section */
		CEA708AE294C770D00C7B086 /* Frameworks */ = {
			isa = PBXFrameworksBuildPhase;
			buildActionMask = 2147483647;
			files = (
			);
			runOnlyForDeploymentPostprocessing = 0;
		};
/* End PBXFrameworksBuildPhase section */

/* Begin PBXGroup section */
		CEA708A8294C770D00C7B086 = {
			isa = PBXGroup;
			children = (
				CECAC37E29A592C000FF8511 /* main.swift */,
				CEA708BB294C772700C7B086 /* 백준 */,
				CEA708B3294C770D00C7B086 /* 프로그래머스 */,
				CEA708B2294C770D00C7B086 /* Products */,
			);
			sourceTree = "<group>";
		};
		CEA708B2294C770D00C7B086 /* Products */ = {
			isa = PBXGroup;
			children = (
				CEA708B1294C770D00C7B086 /* Algorithm */,
			);
			name = Products;
			sourceTree = "<group>";
		};
		CEA708B3294C770D00C7B086 /* 프로그래머스 */ = {
			isa = PBXGroup;
			children = (
				CEA708B4294C770D00C7B086 /* Lv1.숫자 짝꿍.swift */,
				CEA708BE294D516100C7B086 /* Lv2.디펜스 게임X.swift */,
				CEA708C2294EF04300C7B086 /* Lv2.점 찍기X.swift */,
				CEA708C4294FE15E00C7B086 /* Lv1.콜라문제.swift */,
				CEA708C6294FEA9D00C7B086 /* LV0.옹알이(1)X.swift */,
				CE7F1141295133C000A02BDB /* LV1.없는 숫자 더하기.swift */,
				CE7F1143295135E900A02BDB /* LV1.나누어 떨어지는 숫자 배열.swift */,
				CE7F1145295135F300A02BDB /* LV1.짝수와 홀수.swift */,
				CE7F11472951385900A02BDB /* LV1.가운데 글자 가져오기.swift */,
				CE7F114929513C5300A02BDB /* LV1.문자열 내 p와 y의 개수.swift */,
				CE7F114E2952850400A02BDB /* LV1.나머지가 1이 되는 수 찾기.swift */,
				CE7F115029528B5300A02BDB /* LV1.콜라츠 추측.swift */,
				CE7F11522953D5CB00A02BDB /* LV1.약수의 합.swift */,
				CE7F11542953D5D300A02BDB /* LV1.자연수 뒤집어 배열로 만들기.swift */,
				CE7F11562953D5DA00A02BDB /* LV1.하샤드 수.swift */,
				CE7F115A2953E7A500A02BDB /* Lv0. 팩토리얼.swift */,
				CE66DE9C2955285C006CED61 /* Lv0. 2차원으로 만들기.swift */,
				CE66DE9E29552866006CED61 /* Lv1. 핸드폰 번호 가리기.swift */,
				CE66DEA22955316F006CED61 /* LV1. 평균 구하기.swift */,
				CE66DEA4295704DB006CED61 /* LV1. 자릿수 더하기.swift */,
				CE66DEA629570595006CED61 /* LV1.정수 제곱근 판별.swift */,
				CE6794D1295927D90077005E /* LV1.x만큼 간격이 있는 n개의 숫자.swift */,
				CE6794B1295888F80077005E /* Lv1.서울에서 김서방 찾기.swift */,
				CE6794AE295887280077005E /* Lv1.제일 작은 수 제거하기.swift */,
				CE6794CC29591BE80077005E /* Lv1. 음양 더하기.swift */,
				CE6794CD29591BF00077005E /* LV1. 수박수박수박수박수박수?.swift */,
				CE6794EB295A6E7C0077005E /* LV1. 문자열 내림차순으로 배치하기 .swift */,
				CE6794ED295A6E860077005E /* Lv0.문자열 계산하기.swift */,
				CEE4C482295BC51E00C87543 /* Lv1. 문자열 다루기 기본.swift */,
				CEE4C483295BC55D00C87543 /* Lv1. 부족한 금액 계산하기.swift */,
				CEE4C485295BC58900C87543 /* Lv1. 이상한 문자 만들기.swift */,
				CEE4C487295BCFB000C87543 /* Lv1. 직사각형 별찍기.swift */,
				CEE4C489295BCFC500C87543 /* Lv1. 내적.swift */,
				CEE4C48B295BCFCD00C87543 /* Lv1. 예산.swift */,
				CEE4C48D295BCFD400C87543 /* Lv1. 문자열을 정수로 바꾸기.swift */,
				CEE4C492295E624F00C87543 /* Lv1. 정수 내림차순으로 배치하기.swift */,
				CEE4C495295E65A400C87543 /* Lv1. 두 정수 사이의 합.swift */,
				CEE4C497295E65B900C87543 /* Lv1. 약수의 개수와 덧셈.swift */,
				CEE4C499295E65C300C87543 /* Lv1. [1차] 비밀지도.swift */,
				CEE4C49E2963A7FC00C87543 /* Lv1. 3진법 뒤집기.swift */,
				CEE4C4A02963AC4900C87543 /* Lv1. 문자열 내 마음대로 정렬하기.swift */,
				CEE4C4A22964FA5000C87543 /* Lv1. 시저암호.swift */,
				CEE4C4A42966EDC000C87543 /* Lv0. 평행.swift */,
				CEE4C4A7296861FD00C87543 /* Lv0. 특이한 정렬.swift */,
				CEE4C4A9296CE2C200C87543 /* LV1. 두 개 뽑아서 더하기.swift */,
				CEAEF14F296E34670010D6E5 /* LV1. 모의고사.swift */,
				CEAEF154296F862C0010D6E5 /* LV1. 실패율.swift */,
				CEAEF156296F86330010D6E5 /* LV1. 크기가 작은 부분 문자열.swift */,
				CEAEF15E2970D7100010D6E5 /* LV1. K번째수.swift */,
				CE66174B29761EE200F30C20 /* LV1.푸드 파이트 대회.swift */,
				CE66174D297771DD00F30C20 /* LV1.다트 게임.swift */,
				CE66174F2978C0F800F30C20 /* LV1.키패드 누르기.swift */,
				CE661751297A12F500F30C20 /* LV1.크레인 인형뽑기 게임.swift */,
				CE661753297A60D000F30C20 /* LV1.체육복.swift */,
				CE6617562980A91A00F30C20 /* Lv1. 기사단원의 무기.swift */,
				CE6617822982040900F30C20 /* LV1. 가장 가까운 같은 글자.swift */,
				CE66178929835AFA00F30C20 /* LV1. 로또의 최고 순위와 최저 순위.swift */,
				CE661795298740C000F30C20 /* LV1. 신규 아이디 추천.swift */,
				CE6617972988935200F30C20 /* LV1. 과일 장수.swift */,
				CE6617992988A65F00F30C20 /* LV1. 성격 유형 검사하기.swift */,
				CE19D9322989EFF0003F4399 /* LV1.  문자열 나누기  .swift */,
				CE19D934298B445E003F4399 /* LV2. 햄버거 만들기.swift */,
				CE19D93629907C02003F4399 /* LV1. 명예의 전당(1).swift */,
				CE19D938299092E3003F4399 /* Greedy 체육복.swift */,
				CE9E57B82995C07900DCDB63 /* LV1. 신고 결과 받기.swift */,
				CE8515A3299899BB008E5677 /* LV1.옹알이 (2).swift */,
				CE217AD0299B08AF005C9CF2 /* LV1. 개인정보 수집 유효기간.swift */,
				CE217AF2299DAA8F005C9CF2 /* LV1. 둘만의 암호.swift */,
				CE2904A3299F027C00C9484E /* LV1. 카드뭉치.swift */,
				CE29049F299EFBD800C9484E /* LV2. 최댓값과 최솟값.swift */,
				CE2904A1299F027400C9484E /* LV2. JadenCase 문자열 만들기.swift */,
				CECAC36629A4419100FF8511 /* LV2. 최솟값 만들기.swift */,
				CECAC36829A44A0800FF8511 /* LV2. 올바른 괄호.swift */,
				CECAC36A29A44A1600FF8511 /* Lv2. 이진 변환 반복하기.swift */,
				CECAC38029A5A93400FF8511 /* LV2. 피보나치 수.swift */,
				CECAC38229A5A95C00FF8511 /* LV2. 다음 큰 숫자.swift */,
				CECAC39129A702B300FF8511 /* LV2. 짝지어 제거하기.swift */,
				CECAC3A629A852C800FF8511 /* LV2. 영어 끝말잇기 .swift */,
				CE1699F529AC2AF00063A57D /* LV2. 카펫.swift */,
				CE1699F829AD7CCF0063A57D /* LV2.예상 대진표.swift */,
				CE169AA129B01F310063A57D /* LV2. N개의 최소공배수.swift */,
				CE169AD429B1723E0063A57D /* LV2. 점프와 순간 이동 .swift */,
				CE662D6829B59260000330A2 /* LV2. 멀리 뛰기.swift */,
				CEB4B8D129B71A7400498E90 /* LV2. H-Index.swift */,
				CEFA94B629B85957003B6B3B /* LV2. 괄호 회전하기.swift */,
				CEFA94BF29B98FFD003B6B3B /* LV2.[1차] 캐시 .swift */,
				CE6CA47F29BB5FCD00DB297F /* LV2. 행렬의 곱셈.swift */,
				CE6CA4BC29BEA33F00DB297F /* LV2. 귤 고르기.swift */,
				CE6CA4E829BFE12600DB297F /* LV2. 튜플 .swift */,
				CE1B710529C11D57003E1CDE /* LV2. n^2 배열 자르기.swift */,
				CE44E28029C8765F007319C5 /* LV2. 연속 부분 수열 합의 개수 .swift */,
				CE44E2A229C993AD007319C5 /* LV2. 프린터 .swift */,
				CE44E2AF29CAE3CF007319C5 /* LV2. [1차] 뉴스 클러스터링 .swift */,
				CED6806129D26826009BD9F0 /* XLV2. 피로도.swift */,
				CED6805F29D26811009BD9F0 /* LV2. [3차]압축.swift */,
				CED6806329D3C6B2009BD9F0 /* LV2. 할인행사.swift */,
				CE99A92629D696E000D0EA3A /* LV2.[3차] n진수 게임 .swift */,
				CE4658F429DA5EBC0021D62C /* LV2.주차 요금 계산 .swift */,
				CE4658F829DBA7F50021D62C /* LV2.오픈채팅방 .swift */,
				CE46590029DCF2220021D62C /* LV2. 땅따먹기.swift */,
				CE46590229DE436E0021D62C /* LV2. 스킬트리.swift */,
				CE46590429DE589C0021D62C /* Queue.swift */,
				CE46590629DE5B230021D62C /* Dequeue.swift */,
				CECE9C5C29E7EB56007A4BD1 /* BinarySearch.swift */,
				CECE9C1429E3BBD6007A4BD1 /* LV2.[3차]파일명 정렬.swift */,
				CE614D3A29DF949800A0E57A /* LV2. 방문길이.swift */,
				CE46590829DE6BFE0021D62C /* LV4. 행렬과연산.swift */,
				CECE9C1629E587CB007A4BD1 /* LV2.모음사전.swift */,
				CECE9C1829E62DF5007A4BD1 /* LV2.[1차] 프렌즈4블록 도움말.swift */,
				CECE9C5B29E7D5C8007A4BD1 /* LV2. 2개 이하로 다른 비트.swift */,
				CE41E53C29E8D1D200571B93 /* LV2.k진수에서 소수 개수 구하기.swift */,
				CE41E53F29EC0FD500571B93 /* 입국심사.swift */,
				CE41E53D29EA63A700571B93 /* 롤케이크 자르기.swift */,
				CE2CA84E29FB44720056D7F7 /* Lv2.쿼드 압축 후 개수 세기.swift */,
				CE2CA84D29F9F4A70056D7F7 /* LV1. 대충 만든 자판.swift */,
				CEAA9E5F29F8A0C2004059A0 /* LV2. 덧칠하기.swift */,
				CEAA9E5E29F7501C004059A0 /* Lv2. 숫자 변환하기.swift */,
				CEAA9E5C29F5FE34004059A0 /* LV2. 소수 찾기.swift */,
				CEAA9E5B29F371A3004059A0 /* LV2.기능 개발.swift */,
				CEAA9E5929F248A6004059A0 /* LV2. 추억 점수.swift */,
				CEAA9E5829F0C2D7004059A0 /* LV2. 가장 큰 수.swift */,
				CEAA9E5729EF680F004059A0 /* LV2. 타겟넘버.swift */,
				CEAA9E5629EE1A14004059A0 /* 다리를 지나는 트럭 .swift */,
				CE41E54029ECC3F000571B93 /* LV2. 뒤에 있는 큰 수 찾기 .swift */,
				CE69BAB52A07EA90004FC5B0 /* Lv1.이상한 문자 만들기.swift */,
				CE2CA8542A03315D0056D7F7 /* LV2.연속된 부분 수열의 합.swift */,
				CE2CA8532A01DC120056D7F7 /* Lv2. 달리기 경주.swift */,
				CE2CA8522A00915E0056D7F7 /* Lv2. 삼각 달팽이.swift */,
				CE2CA85129FF3BD50056D7F7 /* Lv1. 바탕화면 정리.swift */,
				CE2CA84F29FEB6FF0056D7F7 /* Lv1.행렬의 덧셈.swift */,
				CE69BABD2A0A1811004FC5B0 /* LV2.가장 큰 정사각형.swift */,
				CE69BAC32A0B176A004FC5B0 /* 네트워크.swift */,
				CE69BAC62A0DC57C004FC5B0 /* 공원산책.swift */,
				CE69BACB2A144774004FC5B0 /* 예제문제.swift */,
				CE6905662A18C4FE0019C62A /* LV1.약수의 개수와 덧셈.swift */,
				CE6905672A1A65360019C62A /* LV1. 소수찾기.swift */,
				CE6905682A1AE8AA0019C62A /* LV2. 큰 수 만들기.swift */,
				CE894C9E2A1D905D0011DFF2 /* 두 큐 합 같게 만들기.swift */,
				CE73EAD02A202B9C00195CC9 /* LV1. 소수 만들기.swift */,
				CE73EAF32A249D1700195CC9 /* 수식 최대화.swift */,
				CE73EAF52A26BE4200195CC9 /* 2016년.swift */,
				CE73EB052A29635000195CC9 /* LV1. 숫자 문자열과 영단어.swift */,
			);
			name = "프로그래머스";
			path = "프로그래머스";
			sourceTree = "<group>";
		};
		CEA708BB294C772700C7B086 /* 백준 */ = {
			isa = PBXGroup;
			children = (
				CEA708BC294C77AB00C7B086 /* DFS와 BFS.swift */,
				CE69BAB72A08C2A5004FC5B0 /* 봄버맨.swift */,
				CE69BAB92A092751004FC5B0 /* 적록색약.swift */,
				CE69BABB2A092779004FC5B0 /* 쉬운 최단거리.swift */,
				CE69BABC2A09D207004FC5B0 /* 토마토.swift */,
				CE69BABF2A0A2F57004FC5B0 /* 평범한 배낭.swift */,
				CE69BAC12A0A378C004FC5B0 /* 스티커.swift */,
				CE69BAC52A0DB878004FC5B0 /* 집합의 표현.swift */,
				CE69BAC82A11B478004FC5B0 /* 연속합 2.swift */,
				CE69BACA2A131F0C004FC5B0 /* 별 찍기 - 19.swift */,
				CE69BACD2A1489CB004FC5B0 /* 30.swift */,
				CEE141052A15E13D003CD51A /* X홍삼게임.swift */,
				CE6905652A16F51A0019C62A /* 지구 온난화.swift */,
				CE894C9D2A1CBE4E0011DFF2 /* 요세푸스 문제.swift */,
				CE73EAF42A25758500195CC9 /* 방 번호.swift */,
				CE73EB042A281FB600195CC9 /* 한수.swift */,
			);
			name = "백준";
			path = "백준";
			sourceTree = "<group>";
		};
/* End PBXGroup section */

/* Begin PBXNativeTarget section */
		CEA708B0294C770D00C7B086 /* Algorithm */ = {
			isa = PBXNativeTarget;
			buildConfigurationList = CEA708B8294C770D00C7B086 /* Build configuration list for PBXNativeTarget "Algorithm" */;
			buildPhases = (
				CEA708AD294C770D00C7B086 /* Sources */,
				CEA708AE294C770D00C7B086 /* Frameworks */,
				CEA708AF294C770D00C7B086 /* CopyFiles */,
			);
			buildRules = (
			);
			dependencies = (
			);
			name = Algorithm;
			productName = Algorithm;
			productReference = CEA708B1294C770D00C7B086 /* Algorithm */;
			productType = "com.apple.product-type.tool";
		};
/* End PBXNativeTarget section */

/* Begin PBXProject section */
		CEA708A9294C770D00C7B086 /* Project object */ = {
			isa = PBXProject;
			attributes = {
				BuildIndependentTargetsInParallel = 1;
				LastSwiftUpdateCheck = 1400;
				LastUpgradeCheck = 1430;
				TargetAttributes = {
					CEA708B0294C770D00C7B086 = {
						CreatedOnToolsVersion = 14.0.1;
					};
				};
			};
			buildConfigurationList = CEA708AC294C770D00C7B086 /* Build configuration list for PBXProject "Algorithm" */;
			compatibilityVersion = "Xcode 14.0";
			developmentRegion = en;
			hasScannedForEncodings = 0;
			knownRegions = (
				en,
				Base,
			);
			mainGroup = CEA708A8294C770D00C7B086;
			productRefGroup = CEA708B2294C770D00C7B086 /* Products */;
			projectDirPath = "";
			projectRoot = "";
			targets = (
				CEA708B0294C770D00C7B086 /* Algorithm */,
			);
		};
/* End PBXProject section */

/* Begin PBXSourcesBuildPhase section */
		CEA708AD294C770D00C7B086 /* Sources */ = {
			isa = PBXSourcesBuildPhase;
			buildActionMask = 2147483647;
			files = (
				CE1B710629C11D57003E1CDE /* LV2. n^2 배열 자르기.swift in Sources */,
				CECAC36729A4428F00FF8511 /* LV2. 최솟값 만들기.swift in Sources */,
				CE46590729DE5B230021D62C /* Dequeue.swift in Sources */,
				CE46590529DE589C0021D62C /* Queue.swift in Sources */,
				CECAC37F29A592C000FF8511 /* main.swift in Sources */,
			);
			runOnlyForDeploymentPostprocessing = 0;
		};
/* End PBXSourcesBuildPhase section */

/* Begin XCBuildConfiguration section */
		CEA708B6294C770D00C7B086 /* Debug */ = {
			isa = XCBuildConfiguration;
			buildSettings = {
				ALWAYS_SEARCH_USER_PATHS = NO;
				CLANG_ANALYZER_NONNULL = YES;
				CLANG_ANALYZER_NUMBER_OBJECT_CONVERSION = YES_AGGRESSIVE;
				CLANG_CXX_LANGUAGE_STANDARD = "gnu++20";
				CLANG_ENABLE_MODULES = YES;
				CLANG_ENABLE_OBJC_ARC = YES;
				CLANG_ENABLE_OBJC_WEAK = YES;
				CLANG_WARN_BLOCK_CAPTURE_AUTORELEASING = YES;
				CLANG_WARN_BOOL_CONVERSION = YES;
				CLANG_WARN_COMMA = YES;
				CLANG_WARN_CONSTANT_CONVERSION = YES;
				CLANG_WARN_DEPRECATED_OBJC_IMPLEMENTATIONS = YES;
				CLANG_WARN_DIRECT_OBJC_ISA_USAGE = YES_ERROR;
				CLANG_WARN_DOCUMENTATION_COMMENTS = YES;
				CLANG_WARN_EMPTY_BODY = YES;
				CLANG_WARN_ENUM_CONVERSION = YES;
				CLANG_WARN_INFINITE_RECURSION = YES;
				CLANG_WARN_INT_CONVERSION = YES;
				CLANG_WARN_NON_LITERAL_NULL_CONVERSION = YES;
				CLANG_WARN_OBJC_IMPLICIT_RETAIN_SELF = YES;
				CLANG_WARN_OBJC_LITERAL_CONVERSION = YES;
				CLANG_WARN_OBJC_ROOT_CLASS = YES_ERROR;
				CLANG_WARN_QUOTED_INCLUDE_IN_FRAMEWORK_HEADER = YES;
				CLANG_WARN_RANGE_LOOP_ANALYSIS = YES;
				CLANG_WARN_STRICT_PROTOTYPES = YES;
				CLANG_WARN_SUSPICIOUS_MOVE = YES;
				CLANG_WARN_UNGUARDED_AVAILABILITY = YES_AGGRESSIVE;
				CLANG_WARN_UNREACHABLE_CODE = YES;
				CLANG_WARN__DUPLICATE_METHOD_MATCH = YES;
				COPY_PHASE_STRIP = NO;
				DEAD_CODE_STRIPPING = YES;
				DEBUG_INFORMATION_FORMAT = dwarf;
				ENABLE_STRICT_OBJC_MSGSEND = YES;
				ENABLE_TESTABILITY = YES;
				GCC_C_LANGUAGE_STANDARD = gnu11;
				GCC_DYNAMIC_NO_PIC = NO;
				GCC_NO_COMMON_BLOCKS = YES;
				GCC_OPTIMIZATION_LEVEL = 0;
				GCC_PREPROCESSOR_DEFINITIONS = (
					"DEBUG=1",
					"$(inherited)",
				);
				GCC_WARN_64_TO_32_BIT_CONVERSION = YES;
				GCC_WARN_ABOUT_RETURN_TYPE = YES_ERROR;
				GCC_WARN_UNDECLARED_SELECTOR = YES;
				GCC_WARN_UNINITIALIZED_AUTOS = YES_AGGRESSIVE;
				GCC_WARN_UNUSED_FUNCTION = YES;
				GCC_WARN_UNUSED_VARIABLE = YES;
				MACOSX_DEPLOYMENT_TARGET = 12.3;
				MTL_ENABLE_DEBUG_INFO = INCLUDE_SOURCE;
				MTL_FAST_MATH = YES;
				ONLY_ACTIVE_ARCH = YES;
				SDKROOT = macosx;
				SWIFT_ACTIVE_COMPILATION_CONDITIONS = DEBUG;
				SWIFT_OPTIMIZATION_LEVEL = "-Onone";
			};
			name = Debug;
		};
		CEA708B7294C770D00C7B086 /* Release */ = {
			isa = XCBuildConfiguration;
			buildSettings = {
				ALWAYS_SEARCH_USER_PATHS = NO;
				CLANG_ANALYZER_NONNULL = YES;
				CLANG_ANALYZER_NUMBER_OBJECT_CONVERSION = YES_AGGRESSIVE;
				CLANG_CXX_LANGUAGE_STANDARD = "gnu++20";
				CLANG_ENABLE_MODULES = YES;
				CLANG_ENABLE_OBJC_ARC = YES;
				CLANG_ENABLE_OBJC_WEAK = YES;
				CLANG_WARN_BLOCK_CAPTURE_AUTORELEASING = YES;
				CLANG_WARN_BOOL_CONVERSION = YES;
				CLANG_WARN_COMMA = YES;
				CLANG_WARN_CONSTANT_CONVERSION = YES;
				CLANG_WARN_DEPRECATED_OBJC_IMPLEMENTATIONS = YES;
				CLANG_WARN_DIRECT_OBJC_ISA_USAGE = YES_ERROR;
				CLANG_WARN_DOCUMENTATION_COMMENTS = YES;
				CLANG_WARN_EMPTY_BODY = YES;
				CLANG_WARN_ENUM_CONVERSION = YES;
				CLANG_WARN_INFINITE_RECURSION = YES;
				CLANG_WARN_INT_CONVERSION = YES;
				CLANG_WARN_NON_LITERAL_NULL_CONVERSION = YES;
				CLANG_WARN_OBJC_IMPLICIT_RETAIN_SELF = YES;
				CLANG_WARN_OBJC_LITERAL_CONVERSION = YES;
				CLANG_WARN_OBJC_ROOT_CLASS = YES_ERROR;
				CLANG_WARN_QUOTED_INCLUDE_IN_FRAMEWORK_HEADER = YES;
				CLANG_WARN_RANGE_LOOP_ANALYSIS = YES;
				CLANG_WARN_STRICT_PROTOTYPES = YES;
				CLANG_WARN_SUSPICIOUS_MOVE = YES;
				CLANG_WARN_UNGUARDED_AVAILABILITY = YES_AGGRESSIVE;
				CLANG_WARN_UNREACHABLE_CODE = YES;
				CLANG_WARN__DUPLICATE_METHOD_MATCH = YES;
				COPY_PHASE_STRIP = NO;
				DEAD_CODE_STRIPPING = YES;
				DEBUG_INFORMATION_FORMAT = "dwarf-with-dsym";
				ENABLE_NS_ASSERTIONS = NO;
				ENABLE_STRICT_OBJC_MSGSEND = YES;
				GCC_C_LANGUAGE_STANDARD = gnu11;
				GCC_NO_COMMON_BLOCKS = YES;
				GCC_WARN_64_TO_32_BIT_CONVERSION = YES;
				GCC_WARN_ABOUT_RETURN_TYPE = YES_ERROR;
				GCC_WARN_UNDECLARED_SELECTOR = YES;
				GCC_WARN_UNINITIALIZED_AUTOS = YES_AGGRESSIVE;
				GCC_WARN_UNUSED_FUNCTION = YES;
				GCC_WARN_UNUSED_VARIABLE = YES;
				MACOSX_DEPLOYMENT_TARGET = 12.3;
				MTL_ENABLE_DEBUG_INFO = NO;
				MTL_FAST_MATH = YES;
				SDKROOT = macosx;
				SWIFT_COMPILATION_MODE = wholemodule;
				SWIFT_OPTIMIZATION_LEVEL = "-O";
			};
			name = Release;
		};
		CEA708B9294C770D00C7B086 /* Debug */ = {
			isa = XCBuildConfiguration;
			buildSettings = {
				CODE_SIGN_STYLE = Automatic;
				DEAD_CODE_STRIPPING = YES;
				DEVELOPMENT_TEAM = QVX6L7QGV2;
				ENABLE_HARDENED_RUNTIME = YES;
				PRODUCT_NAME = "$(TARGET_NAME)";
				SWIFT_VERSION = 5.0;
			};
			name = Debug;
		};
		CEA708BA294C770D00C7B086 /* Release */ = {
			isa = XCBuildConfiguration;
			buildSettings = {
				CODE_SIGN_STYLE = Automatic;
				DEAD_CODE_STRIPPING = YES;
				DEVELOPMENT_TEAM = QVX6L7QGV2;
				ENABLE_HARDENED_RUNTIME = YES;
				PRODUCT_NAME = "$(TARGET_NAME)";
				SWIFT_VERSION = 5.0;
			};
			name = Release;
		};
/* End XCBuildConfiguration section */

/* Begin XCConfigurationList section */
		CEA708AC294C770D00C7B086 /* Build configuration list for PBXProject "Algorithm" */ = {
			isa = XCConfigurationList;
			buildConfigurations = (
				CEA708B6294C770D00C7B086 /* Debug */,
				CEA708B7294C770D00C7B086 /* Release */,
			);
			defaultConfigurationIsVisible = 0;
			defaultConfigurationName = Release;
		};
		CEA708B8294C770D00C7B086 /* Build configuration list for PBXNativeTarget "Algorithm" */ = {
			isa = XCConfigurationList;
			buildConfigurations = (
				CEA708B9294C770D00C7B086 /* Debug */,
				CEA708BA294C770D00C7B086 /* Release */,
			);
			defaultConfigurationIsVisible = 0;
			defaultConfigurationName = Release;
		};
/* End XCConfigurationList section */
	};
	rootObject = CEA708A9294C770D00C7B086 /* Project object */;
}
